{
  "version": 4,
  "terraform_version": "1.11.0",
  "serial": 749,
  "lineage": "9c79269b-6c68-63dd-34c4-1a518b3796be",
  "outputs": {},
  "resources": [
    {
      "mode": "data",
      "type": "archive_file",
      "name": "backend_lambda_zip",
      "provider": "provider[\"registry.terraform.io/hashicorp/archive\"]",
      "instances": [
        {
          "schema_version": 0,
          "attributes": {
            "exclude_symlink_directories": null,
            "excludes": null,
            "id": "1b9211138e035e1968e42acb1f50b8aa0a439a46",
            "output_base64sha256": "wPapIasWGhBaFHKwM4sx63HPphEwe1QvCKzfR4tKov0=",
            "output_base64sha512": "D5Kz1bs0ylbLVLUBRcPOKQhO+WuSbVP2pkNN+ibMCX4F11h/E4cispFQRbG5kRCtzJCUQKbAKqmyHPGcsxCPfA==",
            "output_file_mode": null,
            "output_md5": "78d40b98ab96ce2ca24fdfaecc311689",
            "output_path": "backend_lambda_function.zip",
            "output_sha": "1b9211138e035e1968e42acb1f50b8aa0a439a46",
            "output_sha256": "c0f6a921ab161a105a1472b0338b31eb71cfa611307b542f08acdf478b4aa2fd",
            "output_sha512": "0f92b3d5bb34ca56cb54b50145c3ce29084ef96b926d53f6a6434dfa26cc097e05d7587f138722b2915045b1b99110adcc909440a6c02aa9b21cf19cb3108f7c",
            "output_size": 379,
            "source": [],
            "source_content": "import json\r\n\r\ndef lambda_handler(event, context):\r\n    log_events = event['awslogs']['data']\r\n    decoded_logs = json.loads(log_events)\r\n    for log_event in decoded_logs['logEvents']:\r\n        message = log_event['message']\r\n        if \"ERROR\" in message:\r\n            print(message)\r\n    return {\r\n        'statusCode': 200,\r\n        'body': json.dumps('Logs processed!')\r\n    }\r\n",
            "source_content_filename": "lambda_function.py",
            "source_dir": null,
            "source_file": null,
            "type": "zip"
          },
          "sensitive_attributes": []
        }
      ]
    },
    {
      "mode": "data",
      "type": "archive_file",
      "name": "frontend_lambda_zip",
      "provider": "provider[\"registry.terraform.io/hashicorp/archive\"]",
      "instances": [
        {
          "schema_version": 0,
          "attributes": {
            "exclude_symlink_directories": null,
            "excludes": null,
            "id": "1b9211138e035e1968e42acb1f50b8aa0a439a46",
            "output_base64sha256": "wPapIasWGhBaFHKwM4sx63HPphEwe1QvCKzfR4tKov0=",
            "output_base64sha512": "D5Kz1bs0ylbLVLUBRcPOKQhO+WuSbVP2pkNN+ibMCX4F11h/E4cispFQRbG5kRCtzJCUQKbAKqmyHPGcsxCPfA==",
            "output_file_mode": null,
            "output_md5": "78d40b98ab96ce2ca24fdfaecc311689",
            "output_path": "frontend_lambda_function.zip",
            "output_sha": "1b9211138e035e1968e42acb1f50b8aa0a439a46",
            "output_sha256": "c0f6a921ab161a105a1472b0338b31eb71cfa611307b542f08acdf478b4aa2fd",
            "output_sha512": "0f92b3d5bb34ca56cb54b50145c3ce29084ef96b926d53f6a6434dfa26cc097e05d7587f138722b2915045b1b99110adcc909440a6c02aa9b21cf19cb3108f7c",
            "output_size": 379,
            "source": [],
            "source_content": "import json\r\n\r\ndef lambda_handler(event, context):\r\n    log_events = event['awslogs']['data']\r\n    decoded_logs = json.loads(log_events)\r\n    for log_event in decoded_logs['logEvents']:\r\n        message = log_event['message']\r\n        if \"ERROR\" in message:\r\n            print(message)\r\n    return {\r\n        'statusCode': 200,\r\n        'body': json.dumps('Logs processed!')\r\n    }\r\n",
            "source_content_filename": "lambda_function.py",
            "source_dir": null,
            "source_file": null,
            "type": "zip"
          },
          "sensitive_attributes": []
        }
      ]
    },
    {
      "mode": "data",
      "type": "aws_caller_identity",
      "name": "current",
      "provider": "provider[\"registry.terraform.io/hashicorp/aws\"]",
      "instances": [
        {
          "schema_version": 0,
          "attributes": {
            "account_id": "539247457480",
            "arn": "arn:aws:iam::539247457480:user/admin-matare",
            "id": "539247457480",
            "user_id": "AIDAX3DNHGTEBYTVZQH3L"
          },
          "sensitive_attributes": []
        }
      ]
    },
    {
      "mode": "data",
      "type": "aws_region",
      "name": "current",
      "provider": "provider[\"registry.terraform.io/hashicorp/aws\"]",
      "instances": [
        {
          "schema_version": 0,
          "attributes": {
            "description": "US East (N. Virginia)",
            "endpoint": "ec2.us-east-1.amazonaws.com",
            "id": "us-east-1",
            "name": "us-east-1"
          },
          "sensitive_attributes": []
        }
      ]
    },
    {
      "mode": "managed",
      "type": "aws_cloudwatch_log_group",
      "name": "backend_log_group",
      "provider": "provider[\"registry.terraform.io/hashicorp/aws\"]",
      "instances": [
        {
          "schema_version": 0,
          "attributes": {
            "arn": "arn:aws:logs:us-east-1:539247457480:log-group:/ecs/backend-app",
            "id": "/ecs/backend-app",
            "kms_key_id": "",
            "log_group_class": "STANDARD",
            "name": "/ecs/backend-app",
            "name_prefix": "",
            "retention_in_days": 3,
            "skip_destroy": false,
            "tags": null,
            "tags_all": {}
          },
          "sensitive_attributes": [],
          "private": "bnVsbA=="
        }
      ]
    },
    {
      "mode": "managed",
      "type": "aws_cloudwatch_log_group",
      "name": "frontend_log_group",
      "provider": "provider[\"registry.terraform.io/hashicorp/aws\"]",
      "instances": [
        {
          "schema_version": 0,
          "attributes": {
            "arn": "arn:aws:logs:us-east-1:539247457480:log-group:/ecs/frontend-app",
            "id": "/ecs/frontend-app",
            "kms_key_id": "",
            "log_group_class": "STANDARD",
            "name": "/ecs/frontend-app",
            "name_prefix": "",
            "retention_in_days": 3,
            "skip_destroy": false,
            "tags": null,
            "tags_all": {}
          },
          "sensitive_attributes": [],
          "private": "bnVsbA=="
        }
      ]
    },
    {
      "mode": "managed",
      "type": "aws_cloudwatch_log_subscription_filter",
      "name": "backend_log_subscription_filter",
      "provider": "provider[\"registry.terraform.io/hashicorp/aws\"]",
      "instances": [
        {
          "schema_version": 0,
          "attributes": {
            "destination_arn": "arn:aws:lambda:us-east-1:539247457480:function:backend-error-logs-processor-lambda",
            "distribution": "ByLogStream",
            "filter_pattern": "ERROR",
            "id": "cwlsf-3598548617",
            "log_group_name": "/ecs/backend-app",
            "name": "backend-log-subscription-filter",
            "role_arn": null
          },
          "sensitive_attributes": [],
          "private": "bnVsbA==",
          "dependencies": [
            "aws_cloudwatch_log_group.backend_log_group",
            "aws_ecs_cluster.plantstore_cluster",
            "aws_ecs_service.backend_service",
            "aws_ecs_task_definition.backend_task",
            "aws_iam_role.ecs_tasks_execution_role",
            "aws_iam_role.lambda_execution_role",
            "aws_lambda_function.backend_error_logs_processor_lambda",
            "aws_s3_bucket.codepipeline_bucket",
            "aws_s3_object.backend_lambda_zip_upload",
            "aws_security_group.backend_sg",
            "data.archive_file.backend_lambda_zip",
            "data.aws_caller_identity.current",
            "data.aws_region.current"
          ]
        }
      ]
    },
    {
      "mode": "managed",
      "type": "aws_cloudwatch_log_subscription_filter",
      "name": "frontend_log_subscription_filter",
      "provider": "provider[\"registry.terraform.io/hashicorp/aws\"]",
      "instances": [
        {
          "schema_version": 0,
          "attributes": {
            "destination_arn": "arn:aws:lambda:us-east-1:539247457480:function:frontend-error-logs-processor-lambda",
            "distribution": "ByLogStream",
            "filter_pattern": "ERROR",
            "id": "cwlsf-1143345470",
            "log_group_name": "/ecs/frontend-app",
            "name": "frontend-log-subscription-filter",
            "role_arn": null
          },
          "sensitive_attributes": [],
          "private": "bnVsbA==",
          "dependencies": [
            "aws_cloudwatch_log_group.frontend_log_group",
            "aws_ecs_cluster.plantstore_cluster",
            "aws_ecs_service.frontend_service",
            "aws_ecs_task_definition.frontend_task",
            "aws_iam_role.ecs_tasks_execution_role",
            "aws_iam_role.lambda_execution_role",
            "aws_lambda_function.frontend_error_logs_processor_lambda",
            "aws_s3_bucket.codepipeline_bucket",
            "aws_s3_object.frontend_lambda_zip_upload",
            "aws_security_group.frontend_sg",
            "data.archive_file.frontend_lambda_zip",
            "data.aws_caller_identity.current",
            "data.aws_region.current"
          ]
        }
      ]
    },
    {
      "mode": "managed",
      "type": "aws_codebuild_project",
      "name": "backend_build",
      "provider": "provider[\"registry.terraform.io/hashicorp/aws\"]",
      "instances": [
        {
          "schema_version": 0,
          "attributes": {
            "arn": "arn:aws:codebuild:us-east-1:539247457480:project/plantstore-backend-build",
            "artifacts": [
              {
                "artifact_identifier": "",
                "bucket_owner_access": "",
                "encryption_disabled": false,
                "location": "plantstore-codepipeline-artifacts",
                "name": "backend-output",
                "namespace_type": "",
                "override_artifact_name": false,
                "packaging": "NONE",
                "path": "",
                "type": "CODEPIPELINE"
              }
            ],
            "badge_enabled": false,
            "badge_url": "",
            "build_batch_config": [],
            "build_timeout": 60,
            "cache": [
              {
                "location": "",
                "modes": [],
                "type": "NO_CACHE"
              }
            ],
            "concurrent_build_limit": 0,
            "description": "",
            "encryption_key": "arn:aws:kms:us-east-1:539247457480:alias/aws/s3",
            "environment": [
              {
                "certificate": "",
                "compute_type": "BUILD_GENERAL1_SMALL",
                "environment_variable": [
                  {
                    "name": "JAVA_HOME",
                    "type": "PLAINTEXT",
                    "value": "/usr/lib/jvm/java-17-amazon-corretto"
                  }
                ],
                "fleet": [],
                "image": "aws/codebuild/standard:7.0",
                "image_pull_credentials_type": "CODEBUILD",
                "privileged_mode": false,
                "registry_credential": [],
                "type": "LINUX_CONTAINER"
              }
            ],
            "file_system_locations": [],
            "id": "arn:aws:codebuild:us-east-1:539247457480:project/plantstore-backend-build",
            "logs_config": [
              {
                "cloudwatch_logs": [
                  {
                    "group_name": "",
                    "status": "ENABLED",
                    "stream_name": ""
                  }
                ],
                "s3_logs": [
                  {
                    "bucket_owner_access": "",
                    "encryption_disabled": false,
                    "location": "",
                    "status": "DISABLED"
                  }
                ]
              }
            ],
            "name": "plantstore-backend-build",
            "project_visibility": "PRIVATE",
            "public_project_alias": "",
            "queued_timeout": 480,
            "resource_access_role": "",
            "secondary_artifacts": [],
            "secondary_source_version": [],
            "secondary_sources": [],
            "service_role": "arn:aws:iam::539247457480:role/codebuild-role",
            "source": [
              {
                "build_status_config": [],
                "buildspec": "#version: 0.2\r\n#\r\n#phases:\r\n#  install:\r\n#    commands:\r\n#      - echo Installing Maven...\r\n#      - mvn --version\r\n#  build:\r\n#    commands:\r\n#      - echo Building the Spring Boot app...\r\n#      - mvn -f savannah-canopy-rest/pom.xml clean package\r\n#      - ls savannah-canopy-rest/target\r\n#      - pwd\r\n#artifacts:\r\n#  files:\r\n#    - savannah-canopy-rest/target/*.jar\r\n\r\n\r\n#version: 0.2\r\n#\r\n##setting up environmental variables\r\n#env:\r\n#  variables:\r\n#    AWS_ACCOUNT_ID: \"539247457480\"\r\n#    AWS_DEFAULT_REGION: \"us-east-1\"\r\n#\r\n#phases:\r\n#  install:\r\n#    commands:\r\n#      - echo Installing Maven...\r\n#      - mvn --version\r\n#  pre_build:\r\n#    commands:\r\n#      - echo Logging in to Amazon ECR...\r\n#      - aws ecr get-login-password --region $AWS_DEFAULT_REGION | docker login --username AWS --password-stdin $AWS_ACCOUNT_ID.dkr.ecr.$AWS_DEFAULT_REGION.amazonaws.com\r\n#  build:\r\n#    commands:\r\n#      - echo Building the Spring Boot app...\r\n#      - mvn -f savannah-canopy-rest/pom.xml clean package\r\n#      - echo Building the Docker image...\r\n##      - docker build -f savannah-canopy-rest/Dockerfile -t $AWS_ACCOUNT_ID.dkr.ecr.$AWS_DEFAULT_REGION.amazonaws.com/plantstore-backend-registry:latest .\r\n#      - docker build --load -f savannah-canopy-rest/Dockerfile -t $AWS_ACCOUNT_ID.dkr.ecr.$AWS_DEFAULT_REGION.amazonaws.com/plantstore-backend-registry:latest . #looks for docker file\r\n#      - docker tag $AWS_ACCOUNT_ID.dkr.ecr.$AWS_DEFAULT_REGION.amazonaws.com/plantstore-backend-registry:latest $AWS_ACCOUNT_ID.dkr.ecr.$AWS_DEFAULT_REGION.amazonaws.com/plantstore-backend-registry:$CODEBUILD_RESOLVED_SOURCE_VERSION\r\n#  post_build:\r\n#    commands:\r\n#      - echo Pushing the Docker image...\r\n#      - docker push $AWS_ACCOUNT_ID.dkr.ecr.$AWS_DEFAULT_REGION.amazonaws.com/plantstore-backend-registry:latest\r\n#      - docker push $AWS_ACCOUNT_ID.dkr.ecr.$AWS_DEFAULT_REGION.amazonaws.com/plantstore-backend-registry:$CODEBUILD_RESOLVED_SOURCE_VERSION\r\n#artifacts:\r\n#  files:\r\n#    - savannah-canopy-rest/target/*.jar\r\n#    - imagedefinitions-backend.json #provide information to CodePipeline (or other deployment tools) about where to fetch the image from ECR\r\n\r\nversion: 0.2\r\n\r\n#setting up environmental variables\r\nenv:\r\n  variables:\r\n    AWS_ACCOUNT_ID: \"539247457480\"\r\n    AWS_DEFAULT_REGION: \"us-east-1\"\r\n\r\nphases:\r\n  install:\r\n    commands:\r\n      - echo Installing Maven...\r\n      - mvn --version\r\n  pre_build:\r\n    commands:\r\n      - echo Logging in to Amazon ECR...\r\n      - aws ecr get-login-password --region $AWS_DEFAULT_REGION | docker login --username AWS --password-stdin $AWS_ACCOUNT_ID.dkr.ecr.$AWS_DEFAULT_REGION.amazonaws.com\r\n      - echo Logging in to Docker Hub...\r\n      - DOCKERHUB_TOKEN=$(aws secretsmanager get-secret-value --secret-id dockerhub-access-token --query SecretString --output text)\r\n      - docker login -u matopt -p \"$DOCKERHUB_TOKEN\"\r\n  build:\r\n    commands:\r\n      - echo Building the Spring Boot app...\r\n      - mvn -f savannah-canopy-rest/pom.xml clean package\r\n      - echo Building the Docker image...\r\n      - docker build --load -f savannah-canopy-rest/Dockerfile -t $AWS_ACCOUNT_ID.dkr.ecr.$AWS_DEFAULT_REGION.amazonaws.com/plantstore-backend-registry:latest .\r\n      - docker tag $AWS_ACCOUNT_ID.dkr.ecr.$AWS_DEFAULT_REGION.amazonaws.com/plantstore-backend-registry:latest $AWS_ACCOUNT_ID.dkr.ecr.$AWS_DEFAULT_REGION.amazonaws.com/plantstore-backend-registry:$CODEBUILD_RESOLVED_SOURCE_VERSION\r\n  post_build:\r\n    commands:\r\n      - echo Pushing the Docker image...\r\n      - docker push $AWS_ACCOUNT_ID.dkr.ecr.$AWS_DEFAULT_REGION.amazonaws.com/plantstore-backend-registry:latest\r\n      - docker push $AWS_ACCOUNT_ID.dkr.ecr.$AWS_DEFAULT_REGION.amazonaws.com/plantstore-backend-registry:$CODEBUILD_RESOLVED_SOURCE_VERSION\r\nartifacts:\r\n  files:\r\n    - savannah-canopy-rest/target/*.jar\r\n    - imagedefinitions-backend.json",
                "git_clone_depth": 0,
                "git_submodules_config": [],
                "insecure_ssl": false,
                "location": "",
                "report_build_status": false,
                "type": "CODEPIPELINE"
              }
            ],
            "source_version": "",
            "tags": {},
            "tags_all": {},
            "vpc_config": []
          },
          "sensitive_attributes": [],
          "private": "bnVsbA==",
          "dependencies": [
            "aws_iam_role.codebuild_role",
            "aws_s3_bucket.codepipeline_bucket"
          ]
        }
      ]
    },
    {
      "mode": "managed",
      "type": "aws_codebuild_project",
      "name": "frontend_build",
      "provider": "provider[\"registry.terraform.io/hashicorp/aws\"]",
      "instances": [
        {
          "schema_version": 0,
          "attributes": {
            "arn": "arn:aws:codebuild:us-east-1:539247457480:project/plantstore-frontend-build",
            "artifacts": [
              {
                "artifact_identifier": "",
                "bucket_owner_access": "",
                "encryption_disabled": false,
                "location": "plantstore-codepipeline-artifacts",
                "name": "frontend-output",
                "namespace_type": "",
                "override_artifact_name": false,
                "packaging": "NONE",
                "path": "",
                "type": "CODEPIPELINE"
              }
            ],
            "badge_enabled": false,
            "badge_url": "",
            "build_batch_config": [],
            "build_timeout": 60,
            "cache": [
              {
                "location": "",
                "modes": [],
                "type": "NO_CACHE"
              }
            ],
            "concurrent_build_limit": 0,
            "description": "",
            "encryption_key": "arn:aws:kms:us-east-1:539247457480:alias/aws/s3",
            "environment": [
              {
                "certificate": "",
                "compute_type": "BUILD_GENERAL1_SMALL",
                "environment_variable": [
                  {
                    "name": "NODE_VERSION",
                    "type": "PLAINTEXT",
                    "value": "18"
                  }
                ],
                "fleet": [],
                "image": "aws/codebuild/standard:7.0",
                "image_pull_credentials_type": "CODEBUILD",
                "privileged_mode": false,
                "registry_credential": [],
                "type": "LINUX_CONTAINER"
              }
            ],
            "file_system_locations": [],
            "id": "arn:aws:codebuild:us-east-1:539247457480:project/plantstore-frontend-build",
            "logs_config": [
              {
                "cloudwatch_logs": [
                  {
                    "group_name": "",
                    "status": "ENABLED",
                    "stream_name": ""
                  }
                ],
                "s3_logs": [
                  {
                    "bucket_owner_access": "",
                    "encryption_disabled": false,
                    "location": "",
                    "status": "DISABLED"
                  }
                ]
              }
            ],
            "name": "plantstore-frontend-build",
            "project_visibility": "PRIVATE",
            "public_project_alias": "",
            "queued_timeout": 480,
            "resource_access_role": "",
            "secondary_artifacts": [],
            "secondary_source_version": [],
            "secondary_sources": [],
            "service_role": "arn:aws:iam::539247457480:role/codebuild-role",
            "source": [
              {
                "build_status_config": [],
                "buildspec": "#version: 0.2\r\n#\r\n#phases:\r\n#  install:\r\n#    commands:\r\n#      - echo Installing Node...\r\n#      - cd savannah-canopy-web\r\n#      - node --version\r\n#      - npm install\r\n#  build:\r\n#    commands:\r\n#      - echo Building the React app...\r\n#      - npm run build\r\n#artifacts:\r\n#  base-directory: savannah-canopy-web/build\r\n#  files:\r\n#    - '**/*'\r\n\r\n#version: 0.2\r\n#\r\n##setting up environmental variables\r\n#env:\r\n#  variables:\r\n#    AWS_ACCOUNT_ID: \"539247457480\"\r\n#    AWS_DEFAULT_REGION: \"us-east-1\"\r\n#\r\n#phases:\r\n#  install:\r\n#    commands:\r\n#      - echo Installing Node...\r\n#      - cd savannah-canopy-web\r\n#      - node --version\r\n#      - npm install\r\n#  pre_build:\r\n#    commands:\r\n#      - echo Logging in to Amazon ECR...\r\n#      - aws ecr get-login-password --region $AWS_DEFAULT_REGION | docker login --username AWS --password-stdin $AWS_ACCOUNT_ID.dkr.ecr.$AWS_DEFAULT_REGION.amazonaws.com\r\n#  build:\r\n#    commands:\r\n#      - echo Building the React app...\r\n#      - npm run build\r\n#      - echo Building the Docker image...\r\n##      - docker build -t $AWS_ACCOUNT_ID.dkr.ecr.$AWS_DEFAULT_REGION.amazonaws.com/plantstore-frontend-registry:latest . #looks for docker file\r\n#      - docker build -f Dockerfile -t $AWS_ACCOUNT_ID.dkr.ecr.$AWS_DEFAULT_REGION.amazonaws.com/plantstore-frontend-registry:latest . #looks for docker file\r\n#      - docker tag $AWS_ACCOUNT_ID.dkr.ecr.$AWS_DEFAULT_REGION.amazonaws.com/plantstore-frontend-registry:latest $AWS_ACCOUNT_ID.dkr.ecr.$AWS_DEFAULT_REGION.amazonaws.com/plantstore-frontend-registry:$CODEBUILD_RESOLVED_SOURCE_VERSION\r\n#  post_build:\r\n#    commands:\r\n#      - echo Pushing the Docker image...\r\n#      - docker push $AWS_ACCOUNT_ID.dkr.ecr.$AWS_DEFAULT_REGION.amazonaws.com/plantstore-frontend-registry:latest\r\n#      - docker push $AWS_ACCOUNT_ID.dkr.ecr.$AWS_DEFAULT_REGION.amazonaws.com/plantstore-frontend-registry:$CODEBUILD_RESOLVED_SOURCE_VERSION\r\n#artifacts:\r\n#  base-directory: savannah-canopy-web/build\r\n#  files:\r\n#    - '**/*'\r\n#    - ../imagedefinitions-frontend.json #provide information to CodePipeline (or other deployment tools) about where to fetch the image from ECR\r\n\r\n\r\nversion: 0.2\r\n\r\nenv:\r\n  variables:\r\n    AWS_ACCOUNT_ID: \"539247457480\"\r\n    AWS_DEFAULT_REGION: \"us-east-1\"\r\n\r\nphases:\r\n  install:\r\n    commands:\r\n      - echo Installing Node...\r\n      - cd savannah-canopy-web\r\n      - node --version\r\n      - npm install\r\n  pre_build:\r\n    commands:\r\n      - echo Logging in to Amazon ECR...\r\n      - aws ecr get-login-password --region $AWS_DEFAULT_REGION | docker login --username AWS --password-stdin $AWS_ACCOUNT_ID.dkr.ecr.$AWS_DEFAULT_REGION.amazonaws.com\r\n      - echo Logging in to Docker Hub...\r\n      - DOCKERHUB_TOKEN=$(aws secretsmanager get-secret-value --secret-id dockerhub-access-token --query SecretString --output text)\r\n      - docker login -u matopt -p \"$DOCKERHUB_TOKEN\"\r\n  build:\r\n    commands:\r\n      - echo Building the React app...\r\n      - npm run build\r\n      - echo Building the Docker image...\r\n      - docker build -f Dockerfile -t $AWS_ACCOUNT_ID.dkr.ecr.$AWS_DEFAULT_REGION.amazonaws.com/plantstore-frontend-registry:latest .\r\n      - docker tag $AWS_ACCOUNT_ID.dkr.ecr.$AWS_DEFAULT_REGION.amazonaws.com/plantstore-frontend-registry:latest $AWS_ACCOUNT_ID.dkr.ecr.$AWS_DEFAULT_REGION.amazonaws.com/plantstore-frontend-registry:$CODEBUILD_RESOLVED_SOURCE_VERSION\r\n  post_build:\r\n    commands:\r\n      - echo Pushing the Docker image...\r\n      - docker push $AWS_ACCOUNT_ID.dkr.ecr.$AWS_DEFAULT_REGION.amazonaws.com/plantstore-frontend-registry:latest\r\n      - docker push $AWS_ACCOUNT_ID.dkr.ecr.$AWS_DEFAULT_REGION.amazonaws.com/plantstore-frontend-registry:$CODEBUILD_RESOLVED_SOURCE_VERSION\r\n      - echo Moving image definitions to build directory...\r\n      - cd ../\r\n      - cp imagedefinitions-frontend.json savannah-canopy-web/build/\r\nartifacts:\r\n  base-directory: savannah-canopy-web/build\r\n  files:\r\n    - '**/*'",
                "git_clone_depth": 0,
                "git_submodules_config": [],
                "insecure_ssl": false,
                "location": "",
                "report_build_status": false,
                "type": "CODEPIPELINE"
              }
            ],
            "source_version": "",
            "tags": {},
            "tags_all": {},
            "vpc_config": []
          },
          "sensitive_attributes": [],
          "private": "bnVsbA==",
          "dependencies": [
            "aws_iam_role.codebuild_role",
            "aws_s3_bucket.codepipeline_bucket"
          ]
        }
      ]
    },
    {
      "mode": "managed",
      "type": "aws_codepipeline",
      "name": "plantstore_pipeline",
      "provider": "provider[\"registry.terraform.io/hashicorp/aws\"]",
      "instances": [
        {
          "schema_version": 0,
          "attributes": {
            "arn": "arn:aws:codepipeline:us-east-1:539247457480:plantstore-pipeline",
            "artifact_store": [
              {
                "encryption_key": [],
                "location": "plantstore-codepipeline-artifacts",
                "region": "",
                "type": "S3"
              }
            ],
            "execution_mode": "SUPERSEDED",
            "id": "plantstore-pipeline",
            "name": "plantstore-pipeline",
            "pipeline_type": "V2",
            "role_arn": "arn:aws:iam::539247457480:role/codepipeline-role",
            "stage": [
              {
                "action": [
                  {
                    "category": "Source",
                    "configuration": {
                      "Branch": "main",
                      "OAuthToken": "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",
                      "Owner": "techllen",
                      "Repo": "Savannah-canopy"
                    },
                    "input_artifacts": [],
                    "name": "GitHub_Source",
                    "namespace": "",
                    "output_artifacts": [
                      "source_output"
                    ],
                    "owner": "ThirdParty",
                    "provider": "GitHub",
                    "region": "",
                    "role_arn": "",
                    "run_order": 1,
                    "timeout_in_minutes": 0,
                    "version": "1"
                  }
                ],
                "name": "Source"
              },
              {
                "action": [
                  {
                    "category": "Build",
                    "configuration": {
                      "ProjectName": "plantstore-backend-build"
                    },
                    "input_artifacts": [
                      "source_output"
                    ],
                    "name": "Backend_Build",
                    "namespace": "",
                    "output_artifacts": [
                      "backend_build_output"
                    ],
                    "owner": "AWS",
                    "provider": "CodeBuild",
                    "region": "",
                    "role_arn": "",
                    "run_order": 1,
                    "timeout_in_minutes": 0,
                    "version": "1"
                  }
                ],
                "name": "Build_backend"
              },
              {
                "action": [
                  {
                    "category": "Build",
                    "configuration": {
                      "ProjectName": "plantstore-frontend-build"
                    },
                    "input_artifacts": [
                      "source_output"
                    ],
                    "name": "Frontend_Build",
                    "namespace": "",
                    "output_artifacts": [
                      "frontend_build_output"
                    ],
                    "owner": "AWS",
                    "provider": "CodeBuild",
                    "region": "",
                    "role_arn": "",
                    "run_order": 1,
                    "timeout_in_minutes": 0,
                    "version": "1"
                  }
                ],
                "name": "Build_frontend"
              },
              {
                "action": [
                  {
                    "category": "Deploy",
                    "configuration": {
                      "ClusterName": "savannah-canopy",
                      "FileName": "imagedefinitions-backend.json",
                      "ServiceName": "plantstore-backend-service"
                    },
                    "input_artifacts": [
                      "backend_build_output"
                    ],
                    "name": "Deploy_to_ECS_backend",
                    "namespace": "",
                    "output_artifacts": [],
                    "owner": "AWS",
                    "provider": "ECS",
                    "region": "",
                    "role_arn": "",
                    "run_order": 1,
                    "timeout_in_minutes": 0,
                    "version": "1"
                  }
                ],
                "name": "Deploy_backend"
              },
              {
                "action": [
                  {
                    "category": "Deploy",
                    "configuration": {
                      "ClusterName": "savannah-canopy",
                      "FileName": "imagedefinitions-frontend.json",
                      "ServiceName": "plantstore-frontend-service"
                    },
                    "input_artifacts": [
                      "frontend_build_output"
                    ],
                    "name": "Deploy_to_ECS_frontend",
                    "namespace": "",
                    "output_artifacts": [],
                    "owner": "AWS",
                    "provider": "ECS",
                    "region": "",
                    "role_arn": "",
                    "run_order": 1,
                    "timeout_in_minutes": 0,
                    "version": "1"
                  }
                ],
                "name": "Deploy_frontend"
              }
            ],
            "tags": {},
            "tags_all": {},
            "trigger": [],
            "variable": []
          },
          "sensitive_attributes": [],
          "private": "bnVsbA==",
          "dependencies": [
            "aws_codebuild_project.backend_build",
            "aws_codebuild_project.frontend_build",
            "aws_ecs_cluster.plantstore_cluster",
            "aws_ecs_service.backend_service",
            "aws_ecs_service.frontend_service",
            "aws_ecs_task_definition.backend_task",
            "aws_ecs_task_definition.frontend_task",
            "aws_iam_role.codebuild_role",
            "aws_iam_role.codepipeline_role",
            "aws_iam_role.ecs_tasks_execution_role",
            "aws_s3_bucket.codepipeline_bucket",
            "aws_security_group.backend_sg",
            "aws_security_group.frontend_sg",
            "data.aws_caller_identity.current",
            "data.aws_region.current"
          ]
        }
      ]
    },
    {
      "mode": "managed",
      "type": "aws_ecr_repository",
      "name": "backend_registry",
      "provider": "provider[\"registry.terraform.io/hashicorp/aws\"]",
      "instances": [
        {
          "schema_version": 0,
          "attributes": {
            "arn": "arn:aws:ecr:us-east-1:539247457480:repository/plantstore-backend-registry",
            "encryption_configuration": [
              {
                "encryption_type": "AES256",
                "kms_key": ""
              }
            ],
            "force_delete": null,
            "id": "plantstore-backend-registry",
            "image_scanning_configuration": [
              {
                "scan_on_push": false
              }
            ],
            "image_tag_mutability": "MUTABLE",
            "name": "plantstore-backend-registry",
            "registry_id": "539247457480",
            "repository_url": "539247457480.dkr.ecr.us-east-1.amazonaws.com/plantstore-backend-registry",
            "tags": {},
            "tags_all": {},
            "timeouts": null
          },
          "sensitive_attributes": [],
          "private": "eyJlMmJmYjczMC1lY2FhLTExZTYtOGY4OC0zNDM2M2JjN2M0YzAiOnsiZGVsZXRlIjoxMjAwMDAwMDAwMDAwfX0="
        }
      ]
    },
    {
      "mode": "managed",
      "type": "aws_ecr_repository",
      "name": "frontend_registry",
      "provider": "provider[\"registry.terraform.io/hashicorp/aws\"]",
      "instances": [
        {
          "schema_version": 0,
          "attributes": {
            "arn": "arn:aws:ecr:us-east-1:539247457480:repository/plantstore-frontend-registry",
            "encryption_configuration": [
              {
                "encryption_type": "AES256",
                "kms_key": ""
              }
            ],
            "force_delete": null,
            "id": "plantstore-frontend-registry",
            "image_scanning_configuration": [
              {
                "scan_on_push": false
              }
            ],
            "image_tag_mutability": "MUTABLE",
            "name": "plantstore-frontend-registry",
            "registry_id": "539247457480",
            "repository_url": "539247457480.dkr.ecr.us-east-1.amazonaws.com/plantstore-frontend-registry",
            "tags": {},
            "tags_all": {},
            "timeouts": null
          },
          "sensitive_attributes": [],
          "private": "eyJlMmJmYjczMC1lY2FhLTExZTYtOGY4OC0zNDM2M2JjN2M0YzAiOnsiZGVsZXRlIjoxMjAwMDAwMDAwMDAwfX0="
        }
      ]
    },
    {
      "mode": "managed",
      "type": "aws_ecs_cluster",
      "name": "plantstore_cluster",
      "provider": "provider[\"registry.terraform.io/hashicorp/aws\"]",
      "instances": [
        {
          "schema_version": 0,
          "attributes": {
            "arn": "arn:aws:ecs:us-east-1:539247457480:cluster/savannah-canopy",
            "configuration": [],
            "id": "arn:aws:ecs:us-east-1:539247457480:cluster/savannah-canopy",
            "name": "savannah-canopy",
            "service_connect_defaults": [],
            "setting": [
              {
                "name": "containerInsights",
                "value": "disabled"
              }
            ],
            "tags": {},
            "tags_all": {}
          },
          "sensitive_attributes": [],
          "private": "bnVsbA=="
        }
      ]
    },
    {
      "mode": "managed",
      "type": "aws_ecs_service",
      "name": "backend_service",
      "provider": "provider[\"registry.terraform.io/hashicorp/aws\"]",
      "instances": [
        {
          "schema_version": 1,
          "attributes": {
            "alarms": [],
            "availability_zone_rebalancing": "DISABLED",
            "capacity_provider_strategy": [],
            "cluster": "arn:aws:ecs:us-east-1:539247457480:cluster/savannah-canopy",
            "deployment_circuit_breaker": [
              {
                "enable": false,
                "rollback": false
              }
            ],
            "deployment_controller": [
              {
                "type": "ECS"
              }
            ],
            "deployment_maximum_percent": 200,
            "deployment_minimum_healthy_percent": 100,
            "desired_count": 1,
            "enable_ecs_managed_tags": false,
            "enable_execute_command": false,
            "force_delete": null,
            "force_new_deployment": null,
            "health_check_grace_period_seconds": 0,
            "iam_role": "/aws-service-role/ecs.amazonaws.com/AWSServiceRoleForECS",
            "id": "arn:aws:ecs:us-east-1:539247457480:service/savannah-canopy/plantstore-backend-service",
            "launch_type": "FARGATE",
            "load_balancer": [],
            "name": "plantstore-backend-service",
            "network_configuration": [
              {
                "assign_public_ip": true,
                "security_groups": [
                  "sg-0db8f00e01944c9a0"
                ],
                "subnets": [
                  "subnet-004c597f51f5a111f"
                ]
              }
            ],
            "ordered_placement_strategy": [],
            "placement_constraints": [],
            "platform_version": "LATEST",
            "propagate_tags": "NONE",
            "scheduling_strategy": "REPLICA",
            "service_connect_configuration": [],
            "service_registries": [],
            "tags": {},
            "tags_all": {},
            "task_definition": "arn:aws:ecs:us-east-1:539247457480:task-definition/backend-task:18",
            "timeouts": null,
            "triggers": {},
            "volume_configuration": [],
            "vpc_lattice_configurations": [],
            "wait_for_steady_state": false
          },
          "sensitive_attributes": [],
          "private": "eyJlMmJmYjczMC1lY2FhLTExZTYtOGY4OC0zNDM2M2JjN2M0YzAiOnsiY3JlYXRlIjoxMjAwMDAwMDAwMDAwLCJkZWxldGUiOjEyMDAwMDAwMDAwMDAsInVwZGF0ZSI6MTIwMDAwMDAwMDAwMH0sInNjaGVtYV92ZXJzaW9uIjoiMSJ9",
          "dependencies": [
            "aws_ecs_cluster.plantstore_cluster",
            "aws_ecs_task_definition.backend_task",
            "aws_iam_role.ecs_tasks_execution_role",
            "aws_security_group.backend_sg",
            "data.aws_caller_identity.current",
            "data.aws_region.current"
          ]
        }
      ]
    },
    {
      "mode": "managed",
      "type": "aws_ecs_service",
      "name": "frontend_service",
      "provider": "provider[\"registry.terraform.io/hashicorp/aws\"]",
      "instances": [
        {
          "schema_version": 1,
          "attributes": {
            "alarms": [],
            "availability_zone_rebalancing": "DISABLED",
            "capacity_provider_strategy": [],
            "cluster": "arn:aws:ecs:us-east-1:539247457480:cluster/savannah-canopy",
            "deployment_circuit_breaker": [
              {
                "enable": false,
                "rollback": false
              }
            ],
            "deployment_controller": [
              {
                "type": "ECS"
              }
            ],
            "deployment_maximum_percent": 200,
            "deployment_minimum_healthy_percent": 100,
            "desired_count": 1,
            "enable_ecs_managed_tags": false,
            "enable_execute_command": false,
            "force_delete": null,
            "force_new_deployment": null,
            "health_check_grace_period_seconds": 0,
            "iam_role": "/aws-service-role/ecs.amazonaws.com/AWSServiceRoleForECS",
            "id": "arn:aws:ecs:us-east-1:539247457480:service/savannah-canopy/plantstore-frontend-service",
            "launch_type": "FARGATE",
            "load_balancer": [],
            "name": "plantstore-frontend-service",
            "network_configuration": [
              {
                "assign_public_ip": true,
                "security_groups": [
                  "sg-003fb99eaad9c2c86"
                ],
                "subnets": [
                  "subnet-015f9ef9f50348937"
                ]
              }
            ],
            "ordered_placement_strategy": [],
            "placement_constraints": [],
            "platform_version": "LATEST",
            "propagate_tags": "NONE",
            "scheduling_strategy": "REPLICA",
            "service_connect_configuration": [],
            "service_registries": [],
            "tags": {},
            "tags_all": {},
            "task_definition": "arn:aws:ecs:us-east-1:539247457480:task-definition/frontend-task:12",
            "timeouts": null,
            "triggers": {},
            "volume_configuration": [],
            "vpc_lattice_configurations": [],
            "wait_for_steady_state": false
          },
          "sensitive_attributes": [],
          "private": "eyJlMmJmYjczMC1lY2FhLTExZTYtOGY4OC0zNDM2M2JjN2M0YzAiOnsiY3JlYXRlIjoxMjAwMDAwMDAwMDAwLCJkZWxldGUiOjEyMDAwMDAwMDAwMDAsInVwZGF0ZSI6MTIwMDAwMDAwMDAwMH0sInNjaGVtYV92ZXJzaW9uIjoiMSJ9",
          "dependencies": [
            "aws_ecs_cluster.plantstore_cluster",
            "aws_ecs_task_definition.frontend_task",
            "aws_iam_role.ecs_tasks_execution_role",
            "aws_security_group.frontend_sg",
            "data.aws_caller_identity.current",
            "data.aws_region.current"
          ]
        }
      ]
    },
    {
      "mode": "managed",
      "type": "aws_ecs_task_definition",
      "name": "backend_task",
      "provider": "provider[\"registry.terraform.io/hashicorp/aws\"]",
      "instances": [
        {
          "schema_version": 1,
          "attributes": {
            "arn": "arn:aws:ecs:us-east-1:539247457480:task-definition/backend-task:18",
            "arn_without_revision": "arn:aws:ecs:us-east-1:539247457480:task-definition/backend-task",
            "container_definitions": "[{\"environment\":[],\"essential\":true,\"image\":\"539247457480.dkr.ecr.us-east-1.amazonaws.com/plantstore-backend-registry:latest\",\"logConfiguration\":{\"logDriver\":\"awslogs\",\"options\":{\"awslogs-group\":\"/ecs/backend-app\",\"awslogs-region\":\"us-east-1\",\"awslogs-stream-prefix\":\"ecs\"}},\"mountPoints\":[],\"name\":\"backend\",\"portMappings\":[{\"containerPort\":8080,\"hostPort\":8080,\"protocol\":\"tcp\"}],\"systemControls\":[],\"volumesFrom\":[]}]",
            "cpu": "256",
            "enable_fault_injection": false,
            "ephemeral_storage": [],
            "execution_role_arn": "arn:aws:iam::539247457480:role/ecs-task-execution-role",
            "family": "backend-task",
            "id": "backend-task",
            "inference_accelerator": [],
            "ipc_mode": "",
            "memory": "512",
            "network_mode": "awsvpc",
            "pid_mode": "",
            "placement_constraints": [],
            "proxy_configuration": [],
            "requires_compatibilities": [
              "FARGATE"
            ],
            "revision": 18,
            "runtime_platform": [],
            "skip_destroy": false,
            "tags": {},
            "tags_all": {},
            "task_role_arn": "",
            "track_latest": false,
            "volume": []
          },
          "sensitive_attributes": [],
          "private": "eyJzY2hlbWFfdmVyc2lvbiI6IjEifQ==",
          "dependencies": [
            "aws_iam_role.ecs_tasks_execution_role",
            "data.aws_caller_identity.current",
            "data.aws_region.current"
          ]
        }
      ]
    },
    {
      "mode": "managed",
      "type": "aws_ecs_task_definition",
      "name": "frontend_task",
      "provider": "provider[\"registry.terraform.io/hashicorp/aws\"]",
      "instances": [
        {
          "schema_version": 1,
          "attributes": {
            "arn": "arn:aws:ecs:us-east-1:539247457480:task-definition/frontend-task:12",
            "arn_without_revision": "arn:aws:ecs:us-east-1:539247457480:task-definition/frontend-task",
            "container_definitions": "[{\"environment\":[],\"essential\":true,\"image\":\"539247457480.dkr.ecr.us-east-1.amazonaws.com/plantstore-frontend-registry:latest\",\"logConfiguration\":{\"logDriver\":\"awslogs\",\"options\":{\"awslogs-region\":\"us-east-1\",\"awslogs-stream-prefix\":\"ecs\",\"awslogs-group\":\"/ecs/frontend-app\"}},\"mountPoints\":[],\"name\":\"frontend\",\"portMappings\":[{\"containerPort\":3000,\"hostPort\":3000,\"protocol\":\"tcp\"}],\"systemControls\":[],\"volumesFrom\":[]}]",
            "cpu": "256",
            "enable_fault_injection": false,
            "ephemeral_storage": [],
            "execution_role_arn": "arn:aws:iam::539247457480:role/ecs-task-execution-role",
            "family": "frontend-task",
            "id": "frontend-task",
            "inference_accelerator": [],
            "ipc_mode": "",
            "memory": "512",
            "network_mode": "awsvpc",
            "pid_mode": "",
            "placement_constraints": [],
            "proxy_configuration": [],
            "requires_compatibilities": [
              "FARGATE"
            ],
            "revision": 12,
            "runtime_platform": [],
            "skip_destroy": false,
            "tags": {},
            "tags_all": {},
            "task_role_arn": "",
            "track_latest": false,
            "volume": []
          },
          "sensitive_attributes": [],
          "private": "eyJzY2hlbWFfdmVyc2lvbiI6IjEifQ==",
          "dependencies": [
            "aws_iam_role.ecs_tasks_execution_role",
            "data.aws_caller_identity.current",
            "data.aws_region.current"
          ]
        }
      ]
    },
    {
      "mode": "managed",
      "type": "aws_iam_policy",
      "name": "codebuild_secrets_policy",
      "provider": "provider[\"registry.terraform.io/hashicorp/aws\"]",
      "instances": [
        {
          "schema_version": 0,
          "attributes": {
            "arn": "arn:aws:iam::539247457480:policy/codebuild-secrets-policy",
            "attachment_count": 1,
            "description": "Policy to allow CodeBuild to access Docker Hub access token",
            "id": "arn:aws:iam::539247457480:policy/codebuild-secrets-policy",
            "name": "codebuild-secrets-policy",
            "name_prefix": "",
            "path": "/",
            "policy": "{\"Statement\":[{\"Action\":[\"secretsmanager:GetSecretValue\"],\"Effect\":\"Allow\",\"Resource\":\"arn:aws:secretsmanager:us-east-1:539247457480:secret:dockerhub-access-token-K85kWz\"}],\"Version\":\"2012-10-17\"}",
            "policy_id": "ANPAX3DNHGTEII4BG44VV",
            "tags": {},
            "tags_all": {}
          },
          "sensitive_attributes": [],
          "private": "bnVsbA==",
          "dependencies": [
            "aws_secretsmanager_secret.dockerhub_access_token"
          ]
        }
      ]
    },
    {
      "mode": "managed",
      "type": "aws_iam_policy",
      "name": "codepipeline_ecs_deploy_policy",
      "provider": "provider[\"registry.terraform.io/hashicorp/aws\"]",
      "instances": [
        {
          "schema_version": 0,
          "attributes": {
            "arn": "arn:aws:iam::539247457480:policy/codepipeline-ecs-deploy-policy",
            "attachment_count": 1,
            "description": "Policy to allow CodePipeline to deploy to ECS",
            "id": "arn:aws:iam::539247457480:policy/codepipeline-ecs-deploy-policy",
            "name": "codepipeline-ecs-deploy-policy",
            "name_prefix": "",
            "path": "/",
            "policy": "{\"Statement\":[{\"Action\":[\"ecs:UpdateService\",\"ecs:DescribeServices\",\"ecs:DescribeTaskDefinition\",\"ecs:RegisterTaskDefinition\",\"iam:PassRole\",\"elasticloadbalancing:*\",\"ecr:GetAuthorizationToken\",\"ecr:BatchCheckLayerAvailability\",\"ecr:GetDownloadUrlForLayer\",\"ecr:BatchGetImage\"],\"Effect\":\"Allow\",\"Resource\":[\"*\"]},{\"Action\":[\"iam:PassRole\"],\"Effect\":\"Allow\",\"Resource\":[\"arn:aws:iam::539247457480:role/ecs-task-execution-role\"]}],\"Version\":\"2012-10-17\"}",
            "policy_id": "ANPAX3DNHGTEFDOYUHOEJ",
            "tags": {},
            "tags_all": {}
          },
          "sensitive_attributes": [],
          "private": "bnVsbA==",
          "dependencies": [
            "aws_iam_role.ecs_tasks_execution_role"
          ]
        }
      ]
    },
    {
      "mode": "managed",
      "type": "aws_iam_policy_attachment",
      "name": "lambda_execution_policy",
      "provider": "provider[\"registry.terraform.io/hashicorp/aws\"]",
      "instances": [
        {
          "schema_version": 0,
          "attributes": {
            "groups": [],
            "id": "lambda-execution-policy",
            "name": "lambda-execution-policy",
            "policy_arn": "arn:aws:iam::aws:policy/service-role/AWSLambdaBasicExecutionRole",
            "roles": [
              "lambda-execution-role"
            ],
            "users": []
          },
          "sensitive_attributes": [],
          "private": "bnVsbA==",
          "dependencies": [
            "aws_iam_role.lambda_execution_role"
          ]
        }
      ]
    },
    {
      "mode": "managed",
      "type": "aws_iam_role",
      "name": "codebuild_role",
      "provider": "provider[\"registry.terraform.io/hashicorp/aws\"]",
      "instances": [
        {
          "schema_version": 0,
          "attributes": {
            "arn": "arn:aws:iam::539247457480:role/codebuild-role",
            "assume_role_policy": "{\"Statement\":[{\"Action\":\"sts:AssumeRole\",\"Effect\":\"Allow\",\"Principal\":{\"Service\":\"codebuild.amazonaws.com\"}}],\"Version\":\"2012-10-17\"}",
            "create_date": "2025-03-08T17:44:12Z",
            "description": "",
            "force_detach_policies": false,
            "id": "codebuild-role",
            "inline_policy": [
              {
                "name": "codebuild-logs-policy",
                "policy": "{\"Version\":\"2012-10-17\",\"Statement\":[{\"Action\":[\"logs:CreateLogGroup\",\"logs:CreateLogStream\",\"logs:PutLogEvents\"],\"Effect\":\"Allow\",\"Resource\":[\"arn:aws:logs:us-east-1:539247457480:log-group:/aws/codebuild/*\"]}]}"
              },
              {
                "name": "codebuild-s3-policy",
                "policy": "{\"Version\":\"2012-10-17\",\"Statement\":[{\"Action\":[\"s3:PutObject\",\"s3:GetObject\",\"s3:ListBucket\"],\"Effect\":\"Allow\",\"Resource\":[\"arn:aws:s3:::plantstore-codepipeline-artifacts/*\"]},{\"Action\":\"ecr:GetAuthorizationToken\",\"Effect\":\"Allow\",\"Resource\":\"*\"},{\"Action\":\"ecr:InitiateLayerUpload\",\"Effect\":\"Allow\",\"Resource\":\"*\"},{\"Action\":\"ecr:UploadLayerPart\",\"Effect\":\"Allow\",\"Resource\":\"*\"},{\"Action\":\"ecr:CompleteLayerUpload\",\"Effect\":\"Allow\",\"Resource\":\"*\"},{\"Action\":\"ecr:PutImage\",\"Effect\":\"Allow\",\"Resource\":\"*\"},{\"Action\":\"ecr:BatchCheckLayerAvailability\",\"Effect\":\"Allow\",\"Resource\":\"*\"}]}"
              }
            ],
            "managed_policy_arns": [
              "arn:aws:iam::539247457480:policy/codebuild-secrets-policy"
            ],
            "max_session_duration": 3600,
            "name": "codebuild-role",
            "name_prefix": "",
            "path": "/",
            "permissions_boundary": "",
            "tags": {},
            "tags_all": {},
            "unique_id": "AROAX3DNHGTEIBDRHUAWC"
          },
          "sensitive_attributes": [],
          "private": "bnVsbA=="
        }
      ]
    },
    {
      "mode": "managed",
      "type": "aws_iam_role",
      "name": "codepipeline_role",
      "provider": "provider[\"registry.terraform.io/hashicorp/aws\"]",
      "instances": [
        {
          "schema_version": 0,
          "attributes": {
            "arn": "arn:aws:iam::539247457480:role/codepipeline-role",
            "assume_role_policy": "{\"Statement\":[{\"Action\":\"sts:AssumeRole\",\"Effect\":\"Allow\",\"Principal\":{\"Service\":\"codepipeline.amazonaws.com\"}}],\"Version\":\"2012-10-17\"}",
            "create_date": "2025-03-08T17:44:12Z",
            "description": "",
            "force_detach_policies": false,
            "id": "codepipeline-role",
            "inline_policy": [
              {
                "name": "codepipeline-codebuild-policy",
                "policy": "{\"Version\":\"2012-10-17\",\"Statement\":[{\"Action\":[\"codebuild:StartBuild\",\"codebuild:BatchGetBuilds\",\"codebuild:StopBuild\",\"codebuild:ListBuildsForProject\",\"codebuild:BatchGetProjects\"],\"Effect\":\"Allow\",\"Resource\":[\"arn:aws:codebuild:us-east-1:539247457480:project/plantstore-backend-build\",\"arn:aws:codebuild:us-east-1:539247457480:project/plantstore-frontend-build\"]}]}"
              },
              {
                "name": "codepipeline-s3-policy",
                "policy": "{\"Version\":\"2012-10-17\",\"Statement\":[{\"Action\":[\"s3:PutObject\",\"s3:GetObject\",\"s3:ListBucket\"],\"Effect\":\"Allow\",\"Resource\":[\"arn:aws:s3:::plantstore-codepipeline-artifacts/*\"]}]}"
              }
            ],
            "managed_policy_arns": [
              "arn:aws:iam::539247457480:policy/codepipeline-ecs-deploy-policy",
              "arn:aws:iam::aws:policy/AWSCodePipeline_FullAccess"
            ],
            "max_session_duration": 3600,
            "name": "codepipeline-role",
            "name_prefix": "",
            "path": "/",
            "permissions_boundary": "",
            "tags": {},
            "tags_all": {},
            "unique_id": "AROAX3DNHGTEDWJ4MRLQ3"
          },
          "sensitive_attributes": [],
          "private": "bnVsbA=="
        }
      ]
    },
    {
      "mode": "managed",
      "type": "aws_iam_role",
      "name": "ecs_tasks_execution_role",
      "provider": "provider[\"registry.terraform.io/hashicorp/aws\"]",
      "instances": [
        {
          "schema_version": 0,
          "attributes": {
            "arn": "arn:aws:iam::539247457480:role/ecs-task-execution-role",
            "assume_role_policy": "{\"Statement\":[{\"Action\":\"sts:AssumeRole\",\"Effect\":\"Allow\",\"Principal\":{\"Service\":\"ecs-tasks.amazonaws.com\"}}],\"Version\":\"2012-10-17\"}",
            "create_date": "2025-03-08T17:44:12Z",
            "description": "",
            "force_detach_policies": false,
            "id": "ecs-task-execution-role",
            "inline_policy": [],
            "managed_policy_arns": [
              "arn:aws:iam::aws:policy/service-role/AmazonECSTaskExecutionRolePolicy"
            ],
            "max_session_duration": 3600,
            "name": "ecs-task-execution-role",
            "name_prefix": "",
            "path": "/",
            "permissions_boundary": "",
            "tags": {},
            "tags_all": {},
            "unique_id": "AROAX3DNHGTENWNW27JSH"
          },
          "sensitive_attributes": [],
          "private": "bnVsbA=="
        }
      ]
    },
    {
      "mode": "managed",
      "type": "aws_iam_role",
      "name": "lambda_execution_role",
      "provider": "provider[\"registry.terraform.io/hashicorp/aws\"]",
      "instances": [
        {
          "schema_version": 0,
          "attributes": {
            "arn": "arn:aws:iam::539247457480:role/lambda-execution-role",
            "assume_role_policy": "{\"Statement\":[{\"Action\":\"sts:AssumeRole\",\"Effect\":\"Allow\",\"Principal\":{\"Service\":\"lambda.amazonaws.com\"}}],\"Version\":\"2012-10-17\"}",
            "create_date": "2025-03-09T01:56:44Z",
            "description": "",
            "force_detach_policies": false,
            "id": "lambda-execution-role",
            "inline_policy": [],
            "managed_policy_arns": [
              "arn:aws:iam::aws:policy/service-role/AWSLambdaBasicExecutionRole"
            ],
            "max_session_duration": 3600,
            "name": "lambda-execution-role",
            "name_prefix": "",
            "path": "/",
            "permissions_boundary": "",
            "tags": {},
            "tags_all": {},
            "unique_id": "AROAX3DNHGTENZPHZIJMO"
          },
          "sensitive_attributes": [],
          "private": "bnVsbA=="
        }
      ]
    },
    {
      "mode": "managed",
      "type": "aws_iam_role_policy",
      "name": "codebuild_logs_policy",
      "provider": "provider[\"registry.terraform.io/hashicorp/aws\"]",
      "instances": [
        {
          "schema_version": 0,
          "attributes": {
            "id": "codebuild-role:codebuild-logs-policy",
            "name": "codebuild-logs-policy",
            "name_prefix": "",
            "policy": "{\"Version\":\"2012-10-17\",\"Statement\":[{\"Action\":[\"logs:CreateLogGroup\",\"logs:CreateLogStream\",\"logs:PutLogEvents\"],\"Effect\":\"Allow\",\"Resource\":[\"arn:aws:logs:us-east-1:539247457480:log-group:/aws/codebuild/*\"]}]}",
            "role": "codebuild-role"
          },
          "sensitive_attributes": [],
          "private": "bnVsbA==",
          "dependencies": [
            "aws_iam_role.codebuild_role"
          ]
        }
      ]
    },
    {
      "mode": "managed",
      "type": "aws_iam_role_policy",
      "name": "codebuild_s3_policy",
      "provider": "provider[\"registry.terraform.io/hashicorp/aws\"]",
      "instances": [
        {
          "schema_version": 0,
          "attributes": {
            "id": "codebuild-role:codebuild-s3-policy",
            "name": "codebuild-s3-policy",
            "name_prefix": "",
            "policy": "{\"Version\":\"2012-10-17\",\"Statement\":[{\"Action\":[\"s3:PutObject\",\"s3:GetObject\",\"s3:ListBucket\"],\"Effect\":\"Allow\",\"Resource\":[\"arn:aws:s3:::plantstore-codepipeline-artifacts/*\"]},{\"Action\":\"ecr:GetAuthorizationToken\",\"Effect\":\"Allow\",\"Resource\":\"*\"},{\"Action\":\"ecr:InitiateLayerUpload\",\"Effect\":\"Allow\",\"Resource\":\"*\"},{\"Action\":\"ecr:UploadLayerPart\",\"Effect\":\"Allow\",\"Resource\":\"*\"},{\"Action\":\"ecr:CompleteLayerUpload\",\"Effect\":\"Allow\",\"Resource\":\"*\"},{\"Action\":\"ecr:PutImage\",\"Effect\":\"Allow\",\"Resource\":\"*\"},{\"Action\":\"ecr:BatchCheckLayerAvailability\",\"Effect\":\"Allow\",\"Resource\":\"*\"}]}",
            "role": "codebuild-role"
          },
          "sensitive_attributes": [],
          "private": "bnVsbA==",
          "dependencies": [
            "aws_iam_role.codebuild_role"
          ]
        }
      ]
    },
    {
      "mode": "managed",
      "type": "aws_iam_role_policy",
      "name": "codepipeline_codebuild_policy",
      "provider": "provider[\"registry.terraform.io/hashicorp/aws\"]",
      "instances": [
        {
          "schema_version": 0,
          "attributes": {
            "id": "codepipeline-role:codepipeline-codebuild-policy",
            "name": "codepipeline-codebuild-policy",
            "name_prefix": "",
            "policy": "{\"Version\":\"2012-10-17\",\"Statement\":[{\"Action\":[\"codebuild:StartBuild\",\"codebuild:BatchGetBuilds\",\"codebuild:StopBuild\",\"codebuild:ListBuildsForProject\",\"codebuild:BatchGetProjects\"],\"Effect\":\"Allow\",\"Resource\":[\"arn:aws:codebuild:us-east-1:539247457480:project/plantstore-backend-build\",\"arn:aws:codebuild:us-east-1:539247457480:project/plantstore-frontend-build\"]}]}",
            "role": "codepipeline-role"
          },
          "sensitive_attributes": [],
          "private": "bnVsbA==",
          "dependencies": [
            "aws_iam_role.codepipeline_role"
          ]
        }
      ]
    },
    {
      "mode": "managed",
      "type": "aws_iam_role_policy",
      "name": "codepipeline_s3_policy",
      "provider": "provider[\"registry.terraform.io/hashicorp/aws\"]",
      "instances": [
        {
          "schema_version": 0,
          "attributes": {
            "id": "codepipeline-role:codepipeline-s3-policy",
            "name": "codepipeline-s3-policy",
            "name_prefix": "",
            "policy": "{\"Version\":\"2012-10-17\",\"Statement\":[{\"Action\":[\"s3:PutObject\",\"s3:GetObject\",\"s3:ListBucket\"],\"Effect\":\"Allow\",\"Resource\":[\"arn:aws:s3:::plantstore-codepipeline-artifacts/*\"]}]}",
            "role": "codepipeline-role"
          },
          "sensitive_attributes": [],
          "private": "bnVsbA==",
          "dependencies": [
            "aws_iam_role.codepipeline_role"
          ]
        }
      ]
    },
    {
      "mode": "managed",
      "type": "aws_iam_role_policy_attachment",
      "name": "codebuild_secrets_access",
      "provider": "provider[\"registry.terraform.io/hashicorp/aws\"]",
      "instances": [
        {
          "schema_version": 0,
          "attributes": {
            "id": "codebuild-role-20250308190312690200000003",
            "policy_arn": "arn:aws:iam::539247457480:policy/codebuild-secrets-policy",
            "role": "codebuild-role"
          },
          "sensitive_attributes": [],
          "private": "bnVsbA==",
          "dependencies": [
            "aws_iam_policy.codebuild_secrets_policy",
            "aws_iam_role.codebuild_role",
            "aws_secretsmanager_secret.dockerhub_access_token"
          ]
        }
      ]
    },
    {
      "mode": "managed",
      "type": "aws_iam_role_policy_attachment",
      "name": "codepipeline_ecs_deploy_attachment",
      "provider": "provider[\"registry.terraform.io/hashicorp/aws\"]",
      "instances": [
        {
          "schema_version": 0,
          "attributes": {
            "id": "codepipeline-role-20250308191718049700000001",
            "policy_arn": "arn:aws:iam::539247457480:policy/codepipeline-ecs-deploy-policy",
            "role": "codepipeline-role"
          },
          "sensitive_attributes": [],
          "private": "bnVsbA==",
          "dependencies": [
            "aws_iam_policy.codepipeline_ecs_deploy_policy",
            "aws_iam_role.codepipeline_role",
            "aws_iam_role.ecs_tasks_execution_role"
          ]
        }
      ]
    },
    {
      "mode": "managed",
      "type": "aws_iam_role_policy_attachment",
      "name": "codepipeline_policy",
      "provider": "provider[\"registry.terraform.io/hashicorp/aws\"]",
      "instances": [
        {
          "schema_version": 0,
          "attributes": {
            "id": "codepipeline-role-20250308174412777600000003",
            "policy_arn": "arn:aws:iam::aws:policy/AWSCodePipeline_FullAccess",
            "role": "codepipeline-role"
          },
          "sensitive_attributes": [],
          "private": "bnVsbA==",
          "dependencies": [
            "aws_iam_role.codepipeline_role"
          ]
        }
      ]
    },
    {
      "mode": "managed",
      "type": "aws_iam_role_policy_attachment",
      "name": "ecs_task_execution_policy",
      "provider": "provider[\"registry.terraform.io/hashicorp/aws\"]",
      "instances": [
        {
          "schema_version": 0,
          "attributes": {
            "id": "ecs-task-execution-role-20250308174412707500000002",
            "policy_arn": "arn:aws:iam::aws:policy/service-role/AmazonECSTaskExecutionRolePolicy",
            "role": "ecs-task-execution-role"
          },
          "sensitive_attributes": [],
          "private": "bnVsbA==",
          "dependencies": [
            "aws_iam_role.ecs_tasks_execution_role"
          ]
        }
      ]
    },
    {
      "mode": "managed",
      "type": "aws_lambda_function",
      "name": "backend_error_logs_processor_lambda",
      "provider": "provider[\"registry.terraform.io/hashicorp/aws\"]",
      "instances": [
        {
          "schema_version": 0,
          "attributes": {
            "architectures": [
              "x86_64"
            ],
            "arn": "arn:aws:lambda:us-east-1:539247457480:function:backend-error-logs-processor-lambda",
            "code_sha256": "wPapIasWGhBaFHKwM4sx63HPphEwe1QvCKzfR4tKov0=",
            "code_signing_config_arn": "",
            "dead_letter_config": [],
            "description": "",
            "environment": [],
            "ephemeral_storage": [
              {
                "size": 512
              }
            ],
            "file_system_config": [],
            "filename": null,
            "function_name": "backend-error-logs-processor-lambda",
            "handler": "lambda_function.lambda_handler",
            "id": "backend-error-logs-processor-lambda",
            "image_config": [],
            "image_uri": "",
            "invoke_arn": "arn:aws:apigateway:us-east-1:lambda:path/2015-03-31/functions/arn:aws:lambda:us-east-1:539247457480:function:backend-error-logs-processor-lambda/invocations",
            "kms_key_arn": "",
            "last_modified": "2025-03-09T02:02:15.889+0000",
            "layers": [],
            "logging_config": [
              {
                "application_log_level": "",
                "log_format": "Text",
                "log_group": "/aws/lambda/backend-error-logs-processor-lambda",
                "system_log_level": ""
              }
            ],
            "memory_size": 128,
            "package_type": "Zip",
            "publish": false,
            "qualified_arn": "arn:aws:lambda:us-east-1:539247457480:function:backend-error-logs-processor-lambda:$LATEST",
            "qualified_invoke_arn": "arn:aws:apigateway:us-east-1:lambda:path/2015-03-31/functions/arn:aws:lambda:us-east-1:539247457480:function:backend-error-logs-processor-lambda:$LATEST/invocations",
            "replace_security_groups_on_destroy": null,
            "replacement_security_group_ids": null,
            "reserved_concurrent_executions": -1,
            "role": "arn:aws:iam::539247457480:role/lambda-execution-role",
            "runtime": "python3.9",
            "s3_bucket": "plantstore-codepipeline-artifacts",
            "s3_key": "backend_lambda_function.zip",
            "s3_object_version": null,
            "signing_job_arn": "",
            "signing_profile_version_arn": "",
            "skip_destroy": false,
            "snap_start": [],
            "source_code_hash": "wPapIasWGhBaFHKwM4sx63HPphEwe1QvCKzfR4tKov0=",
            "source_code_size": 379,
            "tags": {},
            "tags_all": {},
            "timeout": 15,
            "timeouts": null,
            "tracing_config": [
              {
                "mode": "PassThrough"
              }
            ],
            "version": "$LATEST",
            "vpc_config": []
          },
          "sensitive_attributes": [],
          "private": "eyJlMmJmYjczMC1lY2FhLTExZTYtOGY4OC0zNDM2M2JjN2M0YzAiOnsiY3JlYXRlIjo2MDAwMDAwMDAwMDAsImRlbGV0ZSI6NjAwMDAwMDAwMDAwLCJ1cGRhdGUiOjYwMDAwMDAwMDAwMH19",
          "dependencies": [
            "aws_iam_role.lambda_execution_role",
            "aws_s3_bucket.codepipeline_bucket",
            "aws_s3_object.backend_lambda_zip_upload",
            "data.archive_file.backend_lambda_zip"
          ]
        }
      ]
    },
    {
      "mode": "managed",
      "type": "aws_lambda_function",
      "name": "frontend_error_logs_processor_lambda",
      "provider": "provider[\"registry.terraform.io/hashicorp/aws\"]",
      "instances": [
        {
          "schema_version": 0,
          "attributes": {
            "architectures": [
              "x86_64"
            ],
            "arn": "arn:aws:lambda:us-east-1:539247457480:function:frontend-error-logs-processor-lambda",
            "code_sha256": "wPapIasWGhBaFHKwM4sx63HPphEwe1QvCKzfR4tKov0=",
            "code_signing_config_arn": "",
            "dead_letter_config": [],
            "description": "",
            "environment": [],
            "ephemeral_storage": [
              {
                "size": 512
              }
            ],
            "file_system_config": [],
            "filename": null,
            "function_name": "frontend-error-logs-processor-lambda",
            "handler": "lambda_function.lambda_handler",
            "id": "frontend-error-logs-processor-lambda",
            "image_config": [],
            "image_uri": "",
            "invoke_arn": "arn:aws:apigateway:us-east-1:lambda:path/2015-03-31/functions/arn:aws:lambda:us-east-1:539247457480:function:frontend-error-logs-processor-lambda/invocations",
            "kms_key_arn": "",
            "last_modified": "2025-03-09T02:02:15.925+0000",
            "layers": [],
            "logging_config": [
              {
                "application_log_level": "",
                "log_format": "Text",
                "log_group": "/aws/lambda/frontend-error-logs-processor-lambda",
                "system_log_level": ""
              }
            ],
            "memory_size": 128,
            "package_type": "Zip",
            "publish": false,
            "qualified_arn": "arn:aws:lambda:us-east-1:539247457480:function:frontend-error-logs-processor-lambda:$LATEST",
            "qualified_invoke_arn": "arn:aws:apigateway:us-east-1:lambda:path/2015-03-31/functions/arn:aws:lambda:us-east-1:539247457480:function:frontend-error-logs-processor-lambda:$LATEST/invocations",
            "replace_security_groups_on_destroy": null,
            "replacement_security_group_ids": null,
            "reserved_concurrent_executions": -1,
            "role": "arn:aws:iam::539247457480:role/lambda-execution-role",
            "runtime": "python3.9",
            "s3_bucket": "plantstore-codepipeline-artifacts",
            "s3_key": "frontend_lambda_function.zip",
            "s3_object_version": null,
            "signing_job_arn": "",
            "signing_profile_version_arn": "",
            "skip_destroy": false,
            "snap_start": [],
            "source_code_hash": "wPapIasWGhBaFHKwM4sx63HPphEwe1QvCKzfR4tKov0=",
            "source_code_size": 379,
            "tags": {},
            "tags_all": {},
            "timeout": 15,
            "timeouts": null,
            "tracing_config": [
              {
                "mode": "PassThrough"
              }
            ],
            "version": "$LATEST",
            "vpc_config": []
          },
          "sensitive_attributes": [],
          "private": "eyJlMmJmYjczMC1lY2FhLTExZTYtOGY4OC0zNDM2M2JjN2M0YzAiOnsiY3JlYXRlIjo2MDAwMDAwMDAwMDAsImRlbGV0ZSI6NjAwMDAwMDAwMDAwLCJ1cGRhdGUiOjYwMDAwMDAwMDAwMH19",
          "dependencies": [
            "aws_iam_role.lambda_execution_role",
            "aws_s3_bucket.codepipeline_bucket",
            "aws_s3_object.frontend_lambda_zip_upload",
            "data.archive_file.frontend_lambda_zip"
          ]
        }
      ]
    },
    {
      "mode": "managed",
      "type": "aws_lambda_permission",
      "name": "allow_cloudwatch_logs_backend",
      "provider": "provider[\"registry.terraform.io/hashicorp/aws\"]",
      "instances": [
        {
          "schema_version": 0,
          "attributes": {
            "action": "lambda:InvokeFunction",
            "event_source_token": null,
            "function_name": "backend-error-logs-processor-lambda",
            "function_url_auth_type": null,
            "id": "AllowExecutionFromCloudWatchLogsBackend",
            "principal": "logs.us-east-1.amazonaws.com",
            "principal_org_id": null,
            "qualifier": "",
            "source_account": null,
            "source_arn": "arn:aws:logs:us-east-1:539247457480:log-group:/ecs/backend-app:*",
            "statement_id": "AllowExecutionFromCloudWatchLogsBackend",
            "statement_id_prefix": ""
          },
          "sensitive_attributes": [],
          "private": "bnVsbA==",
          "dependencies": [
            "aws_iam_role.lambda_execution_role",
            "aws_lambda_function.backend_error_logs_processor_lambda",
            "aws_s3_bucket.codepipeline_bucket",
            "aws_s3_object.backend_lambda_zip_upload",
            "data.archive_file.backend_lambda_zip",
            "data.aws_caller_identity.current",
            "data.aws_region.current"
          ]
        }
      ]
    },
    {
      "mode": "managed",
      "type": "aws_lambda_permission",
      "name": "allow_cloudwatch_logs_frontend",
      "provider": "provider[\"registry.terraform.io/hashicorp/aws\"]",
      "instances": [
        {
          "schema_version": 0,
          "attributes": {
            "action": "lambda:InvokeFunction",
            "event_source_token": null,
            "function_name": "frontend-error-logs-processor-lambda",
            "function_url_auth_type": null,
            "id": "AllowExecutionFromCloudWatchLogsFrontend",
            "principal": "logs.us-east-1.amazonaws.com",
            "principal_org_id": null,
            "qualifier": "",
            "source_account": null,
            "source_arn": "arn:aws:logs:us-east-1:539247457480:log-group:/ecs/frontend-app:*",
            "statement_id": "AllowExecutionFromCloudWatchLogsFrontend",
            "statement_id_prefix": ""
          },
          "sensitive_attributes": [],
          "private": "bnVsbA==",
          "dependencies": [
            "aws_iam_role.lambda_execution_role",
            "aws_lambda_function.frontend_error_logs_processor_lambda",
            "aws_s3_bucket.codepipeline_bucket",
            "aws_s3_object.frontend_lambda_zip_upload",
            "data.archive_file.frontend_lambda_zip",
            "data.aws_caller_identity.current",
            "data.aws_region.current"
          ]
        }
      ]
    },
    {
      "mode": "managed",
      "type": "aws_s3_bucket",
      "name": "codepipeline_bucket",
      "provider": "provider[\"registry.terraform.io/hashicorp/aws\"]",
      "instances": [
        {
          "schema_version": 0,
          "attributes": {
            "acceleration_status": "",
            "acl": null,
            "arn": "arn:aws:s3:::plantstore-codepipeline-artifacts",
            "bucket": "plantstore-codepipeline-artifacts",
            "bucket_domain_name": "plantstore-codepipeline-artifacts.s3.amazonaws.com",
            "bucket_prefix": "",
            "bucket_regional_domain_name": "plantstore-codepipeline-artifacts.s3.us-east-1.amazonaws.com",
            "cors_rule": [],
            "force_destroy": false,
            "grant": [
              {
                "id": "6de9dda110b134f47fad84b6bd8186504d7ccf677464e5058e4c8dc3fb7fad3a",
                "permissions": [
                  "FULL_CONTROL"
                ],
                "type": "CanonicalUser",
                "uri": ""
              }
            ],
            "hosted_zone_id": "Z3AQBSTGFYJSTF",
            "id": "plantstore-codepipeline-artifacts",
            "lifecycle_rule": [],
            "logging": [],
            "object_lock_configuration": [],
            "object_lock_enabled": false,
            "policy": "",
            "region": "us-east-1",
            "replication_configuration": [],
            "request_payer": "BucketOwner",
            "server_side_encryption_configuration": [
              {
                "rule": [
                  {
                    "apply_server_side_encryption_by_default": [
                      {
                        "kms_master_key_id": "",
                        "sse_algorithm": "AES256"
                      }
                    ],
                    "bucket_key_enabled": false
                  }
                ]
              }
            ],
            "tags": {},
            "tags_all": {},
            "timeouts": null,
            "versioning": [
              {
                "enabled": false,
                "mfa_delete": false
              }
            ],
            "website": [],
            "website_domain": null,
            "website_endpoint": null
          },
          "sensitive_attributes": [],
          "private": "eyJlMmJmYjczMC1lY2FhLTExZTYtOGY4OC0zNDM2M2JjN2M0YzAiOnsiY3JlYXRlIjoxMjAwMDAwMDAwMDAwLCJkZWxldGUiOjM2MDAwMDAwMDAwMDAsInJlYWQiOjEyMDAwMDAwMDAwMDAsInVwZGF0ZSI6MTIwMDAwMDAwMDAwMH19"
        }
      ]
    },
    {
      "mode": "managed",
      "type": "aws_s3_object",
      "name": "backend_lambda_zip_upload",
      "provider": "provider[\"registry.terraform.io/hashicorp/aws\"]",
      "instances": [
        {
          "schema_version": 0,
          "attributes": {
            "acl": null,
            "arn": "arn:aws:s3:::plantstore-codepipeline-artifacts/backend_lambda_function.zip",
            "bucket": "plantstore-codepipeline-artifacts",
            "bucket_key_enabled": false,
            "cache_control": "",
            "checksum_algorithm": null,
            "checksum_crc32": "",
            "checksum_crc32c": "",
            "checksum_crc64nvme": "",
            "checksum_sha1": "",
            "checksum_sha256": "",
            "content": null,
            "content_base64": null,
            "content_disposition": "",
            "content_encoding": "",
            "content_language": "",
            "content_type": "application/octet-stream",
            "etag": "78d40b98ab96ce2ca24fdfaecc311689",
            "force_destroy": false,
            "id": "backend_lambda_function.zip",
            "key": "backend_lambda_function.zip",
            "kms_key_id": null,
            "metadata": {},
            "object_lock_legal_hold_status": "",
            "object_lock_mode": "",
            "object_lock_retain_until_date": "",
            "override_provider": [],
            "server_side_encryption": "AES256",
            "source": "backend_lambda_function.zip",
            "source_hash": null,
            "storage_class": "STANDARD",
            "tags": {},
            "tags_all": {},
            "version_id": "",
            "website_redirect": ""
          },
          "sensitive_attributes": [],
          "private": "bnVsbA==",
          "dependencies": [
            "aws_s3_bucket.codepipeline_bucket",
            "data.archive_file.backend_lambda_zip"
          ]
        }
      ]
    },
    {
      "mode": "managed",
      "type": "aws_s3_object",
      "name": "frontend_lambda_zip_upload",
      "provider": "provider[\"registry.terraform.io/hashicorp/aws\"]",
      "instances": [
        {
          "schema_version": 0,
          "attributes": {
            "acl": null,
            "arn": "arn:aws:s3:::plantstore-codepipeline-artifacts/frontend_lambda_function.zip",
            "bucket": "plantstore-codepipeline-artifacts",
            "bucket_key_enabled": false,
            "cache_control": "",
            "checksum_algorithm": null,
            "checksum_crc32": "",
            "checksum_crc32c": "",
            "checksum_crc64nvme": "",
            "checksum_sha1": "",
            "checksum_sha256": "",
            "content": null,
            "content_base64": null,
            "content_disposition": "",
            "content_encoding": "",
            "content_language": "",
            "content_type": "application/octet-stream",
            "etag": "78d40b98ab96ce2ca24fdfaecc311689",
            "force_destroy": false,
            "id": "frontend_lambda_function.zip",
            "key": "frontend_lambda_function.zip",
            "kms_key_id": null,
            "metadata": {},
            "object_lock_legal_hold_status": "",
            "object_lock_mode": "",
            "object_lock_retain_until_date": "",
            "override_provider": [],
            "server_side_encryption": "AES256",
            "source": "frontend_lambda_function.zip",
            "source_hash": null,
            "storage_class": "STANDARD",
            "tags": {},
            "tags_all": {},
            "version_id": "",
            "website_redirect": ""
          },
          "sensitive_attributes": [],
          "private": "bnVsbA==",
          "dependencies": [
            "aws_s3_bucket.codepipeline_bucket",
            "data.archive_file.frontend_lambda_zip"
          ]
        }
      ]
    },
    {
      "mode": "managed",
      "type": "aws_secretsmanager_secret",
      "name": "dockerhub_access_token",
      "provider": "provider[\"registry.terraform.io/hashicorp/aws\"]",
      "instances": [
        {
          "schema_version": 0,
          "attributes": {
            "arn": "arn:aws:secretsmanager:us-east-1:539247457480:secret:dockerhub-access-token-K85kWz",
            "description": "",
            "force_overwrite_replica_secret": false,
            "id": "arn:aws:secretsmanager:us-east-1:539247457480:secret:dockerhub-access-token-K85kWz",
            "kms_key_id": "",
            "name": "dockerhub-access-token",
            "name_prefix": "",
            "policy": "",
            "recovery_window_in_days": 30,
            "replica": [],
            "tags": {},
            "tags_all": {}
          },
          "sensitive_attributes": [],
          "private": "bnVsbA=="
        }
      ]
    },
    {
      "mode": "managed",
      "type": "aws_secretsmanager_secret_version",
      "name": "dockerhub_access_token_version",
      "provider": "provider[\"registry.terraform.io/hashicorp/aws\"]",
      "instances": [
        {
          "schema_version": 0,
          "attributes": {
            "arn": "arn:aws:secretsmanager:us-east-1:539247457480:secret:dockerhub-access-token-K85kWz",
            "has_secret_string_wo": null,
            "id": "arn:aws:secretsmanager:us-east-1:539247457480:secret:dockerhub-access-token-K85kWz|terraform-20250308190312135200000002",
            "secret_binary": "",
            "secret_id": "arn:aws:secretsmanager:us-east-1:539247457480:secret:dockerhub-access-token-K85kWz",
            "secret_string": "dckr_pat_FGs9iz0BlKfvUx5MMLW7m7L3gY4",
            "secret_string_wo": null,
            "secret_string_wo_version": null,
            "version_id": "terraform-20250308190312135200000002",
            "version_stages": [
              "AWSCURRENT"
            ]
          },
          "sensitive_attributes": [
            [
              {
                "type": "get_attr",
                "value": "secret_string_wo"
              }
            ],
            [
              {
                "type": "get_attr",
                "value": "secret_binary"
              }
            ],
            [
              {
                "type": "get_attr",
                "value": "secret_string"
              }
            ]
          ],
          "private": "bnVsbA==",
          "dependencies": [
            "aws_secretsmanager_secret.dockerhub_access_token"
          ]
        }
      ]
    },
    {
      "mode": "managed",
      "type": "aws_security_group",
      "name": "backend_sg",
      "provider": "provider[\"registry.terraform.io/hashicorp/aws\"]",
      "instances": [
        {
          "schema_version": 1,
          "attributes": {
            "arn": "arn:aws:ec2:us-east-1:539247457480:security-group/sg-0db8f00e01944c9a0",
            "description": "Security group for backend service",
            "egress": [
              {
                "cidr_blocks": [
                  "0.0.0.0/0"
                ],
                "description": "",
                "from_port": 0,
                "ipv6_cidr_blocks": [],
                "prefix_list_ids": [],
                "protocol": "-1",
                "security_groups": [],
                "self": false,
                "to_port": 0
              }
            ],
            "id": "sg-0db8f00e01944c9a0",
            "ingress": [
              {
                "cidr_blocks": [
                  "0.0.0.0/0"
                ],
                "description": "",
                "from_port": 8080,
                "ipv6_cidr_blocks": [],
                "prefix_list_ids": [],
                "protocol": "tcp",
                "security_groups": [],
                "self": false,
                "to_port": 8080
              }
            ],
            "name": "backend-sg",
            "name_prefix": "",
            "owner_id": "539247457480",
            "revoke_rules_on_delete": false,
            "tags": {},
            "tags_all": {},
            "timeouts": null,
            "vpc_id": "vpc-085257437561e6789"
          },
          "sensitive_attributes": [],
          "private": "eyJlMmJmYjczMC1lY2FhLTExZTYtOGY4OC0zNDM2M2JjN2M0YzAiOnsiY3JlYXRlIjo2MDAwMDAwMDAwMDAsImRlbGV0ZSI6OTAwMDAwMDAwMDAwfSwic2NoZW1hX3ZlcnNpb24iOiIxIn0="
        }
      ]
    },
    {
      "mode": "managed",
      "type": "aws_security_group",
      "name": "frontend_sg",
      "provider": "provider[\"registry.terraform.io/hashicorp/aws\"]",
      "instances": [
        {
          "schema_version": 1,
          "attributes": {
            "arn": "arn:aws:ec2:us-east-1:539247457480:security-group/sg-003fb99eaad9c2c86",
            "description": "Security group for frontend service",
            "egress": [
              {
                "cidr_blocks": [
                  "0.0.0.0/0"
                ],
                "description": "",
                "from_port": 0,
                "ipv6_cidr_blocks": [],
                "prefix_list_ids": [],
                "protocol": "-1",
                "security_groups": [],
                "self": false,
                "to_port": 0
              }
            ],
            "id": "sg-003fb99eaad9c2c86",
            "ingress": [
              {
                "cidr_blocks": [
                  "0.0.0.0/0"
                ],
                "description": "",
                "from_port": 3000,
                "ipv6_cidr_blocks": [],
                "prefix_list_ids": [],
                "protocol": "tcp",
                "security_groups": [],
                "self": false,
                "to_port": 3000
              }
            ],
            "name": "frontend-sg",
            "name_prefix": "",
            "owner_id": "539247457480",
            "revoke_rules_on_delete": false,
            "tags": {},
            "tags_all": {},
            "timeouts": null,
            "vpc_id": "vpc-085257437561e6789"
          },
          "sensitive_attributes": [],
          "private": "eyJlMmJmYjczMC1lY2FhLTExZTYtOGY4OC0zNDM2M2JjN2M0YzAiOnsiY3JlYXRlIjo2MDAwMDAwMDAwMDAsImRlbGV0ZSI6OTAwMDAwMDAwMDAwfSwic2NoZW1hX3ZlcnNpb24iOiIxIn0="
        }
      ]
    }
  ],
  "check_results": null
}
