{
  "version": 4,
  "terraform_version": "1.11.2",
  "serial": 1251,
  "lineage": "9c79269b-6c68-63dd-34c4-1a518b3796be",
  "outputs": {},
  "resources": [
    {
      "mode": "data",
      "type": "archive_file",
      "name": "backend_lambda_zip",
      "provider": "provider[\"registry.terraform.io/hashicorp/archive\"]",
      "instances": [
        {
          "schema_version": 0,
          "attributes": {
            "exclude_symlink_directories": null,
            "excludes": null,
            "id": "4f929fc21d5cb2dbfc674be3815c8066d52cd81f",
            "output_base64sha256": "NzJ8Kh1I6SY227+bzl0P/zbm6hxV94micrP3Z3kInMk=",
            "output_base64sha512": "Wi8ttGOKfG/IROY/49es8zzM/ST0NFp5M8jk5pXh3PMmje+rSLNrA4QVt2ieXOUca3HIQHxtvRS6hrHzw8tU8Q==",
            "output_file_mode": null,
            "output_md5": "2ceb9ea482001b08856e08a50a2dbe85",
            "output_path": "backend_lambda_function.zip",
            "output_sha": "4f929fc21d5cb2dbfc674be3815c8066d52cd81f",
            "output_sha256": "37327c2a1d48e92636dbbf9bce5d0fff36e6ea1c55f789a272b3f76779089cc9",
            "output_sha512": "5a2f2db4638a7c6fc844e63fe3d7acf33cccfd24f4345a7933c8e4e695e1dcf3268defab48b36b038415b7689e5ce51c6b71c8407c6dbd14ba86b1f3c3cb54f1",
            "output_size": 1195,
            "source": [],
            "source_content": "# lambda function integrated with an AI agent\r\nimport json\r\nimport boto3\r\nimport base64\r\nimport os\r\n\r\nlambda_client = boto3.client('lambda')\r\n\r\nbedrock_runtime = boto3.client(service_name='bedrock-runtime')\r\nmodel_id = os.environ['BEDROCK_MODEL_ID'] # get id from env variable\r\n\r\ndef lambda_handler(event, context):\r\n    # Ensure the `awslogs` key exists\r\n    if 'awslogs' not in event or 'data' not in event['awslogs']:\r\n        print(\"Invalid event format: Missing 'awslogs.data'\")\r\n        return {'statusCode': 400, 'body': 'Invalid event format'}\r\n\r\n    # Decode log data\r\n    data = base64.b64decode(event['awslogs']['data'])\r\n    log_data = json.loads(data)\r\n\r\n    for log_event in log_data.get('logEvents', []):\r\n        message = log_event.get('message', '')\r\n\r\n        if \"ERROR\" in message:\r\n            print(f\"Error message: {message}\")\r\n            try:\r\n\r\n                # Compiling a prompt\r\n                prompt = f'As an software engineer Provide a solution and test cases for this error: {message}'\r\n\r\n                payload = {\r\n                    \"prompt\": f\"\u003cs\u003e[INST] {prompt} [/INST]\",\r\n                    \"max_tokens\": 500,\r\n                    \"temperature\": 0.5\r\n                }\r\n                # *** AI AGENT INVOCATION ***\r\n                # The following call sends the error message as a prompt to the Amazon Bedrock model.\r\n                # # Agentic behavior.\r\n                response = bedrock_runtime.invoke_model(\r\n                    modelId=model_id,\r\n                    accept='application/json',\r\n                    contentType='application/json',\r\n                    body=json.dumps(payload),\r\n                )\r\n\r\n                response_body = json.loads(response['body'].read())\r\n                generated_text = response_body['outputs'][0]['text']\r\n                # print(f\"Bedrock response: {generated_text}\")\r\n\r\n                # *** INVOKE POST-PROCESSING LAMBDA ***\r\n                invoke_response = lambda_client.invoke(\r\n                    FunctionName='post-process-ai-agent-output-lambda',\r\n                    InvocationType='RequestResponse',\r\n                    Payload=json.dumps({'body': json.dumps({'generated_text': generated_text})})\r\n                )\r\n\r\n                post_process_result = json.loads(invoke_response['Payload'].read())\r\n                print(f\"Post-processed result: {post_process_result}\")\r\n\r\n            except Exception as e:\r\n                print(f\"Error invoking Bedrock: {e}\")\r\n    # Return the AI agent's output.\r\n    return {\r\n        'statusCode': 200,\r\n        'body': json.dumps({'generated_text': generated_text})\r\n    }\r\n",
            "source_content_filename": "lambda_function.py",
            "source_dir": null,
            "source_file": null,
            "type": "zip"
          },
          "sensitive_attributes": []
        }
      ]
    },
    {
      "mode": "data",
      "type": "archive_file",
      "name": "post_process_lambda_zip",
      "provider": "provider[\"registry.terraform.io/hashicorp/archive\"]",
      "instances": [
        {
          "schema_version": 0,
          "attributes": {
            "exclude_symlink_directories": null,
            "excludes": null,
            "id": "8eb7b915b89574e678c0ea8f7998c965903d55cd",
            "output_base64sha256": "/kc+rOAn+NvoFh1Yc/9KU8L8L+OZo4Wp6VAXLeGMYac=",
            "output_base64sha512": "/kXsMS7pYNTruk67SDLx0P7bf5fmsS79PfrRX6r7xKJHGKVnCKhMLf5tjsM5Uy04JP0ZwRYTCZaCiytKMokJtw==",
            "output_file_mode": null,
            "output_md5": "a6f4d27ac32f7064b30a073c4d033574",
            "output_path": "post_process_lambda_function.zip",
            "output_sha": "8eb7b915b89574e678c0ea8f7998c965903d55cd",
            "output_sha256": "fe473eace027f8dbe8161d5873ff4a53c2fc2fe399a385a9e950172de18c61a7",
            "output_sha512": "fe45ec312ee960d4ebba4ebb4832f1d0fedb7f97e6b12efd3dfad15faafbc4a24718a56708a84c2dfe6d8ec339532d3824fd19c116130996828b2b4a328909b7",
            "output_size": 1134,
            "source": [],
            "source_content": "import json\r\nimport os\r\nimport requests\r\n\r\ndef lambda_handler(event, context):\r\n    try:\r\n        # Extract environment variables\r\n        github_token = os.environ['GITHUB_TOKEN']\r\n        repo_owner = os.environ['GITHUB_REPO_OWNER']\r\n        repo_name = os.environ['GITHUB_REPO_NAME']\r\n        file_path = os.environ['FILE_PATH']\r\n        line_number = int(os.environ['LINE_NUMBER'])\r\n\r\n        # Extract the AI agent's output\r\n        body = json.loads(event['body'])\r\n        generated_text = json.loads(body['generated_text'])\r\n\r\n        # Format the output (you can refine this part)\r\n        formatted_text = f\"\\\\n# AI Agent Suggestion:\\\\n{generated_text}\\\\n\"\r\n        print('generated_text')\r\n\r\n        # Get the file content\r\n        headers = {'Authorization': f'token {github_token}'}\r\n        file_url = f'https://api.github.com/repos/{repo_owner}/{repo_name}/contents/{file_path}?ref=main'\r\n        file_response = requests.get(file_url, headers=headers)\r\n        file_response.raise_for_status()\r\n        file_data = file_response.json()\r\n        file_content = file_data['content']\r\n        file_sha = file_data['sha']\r\n\r\n        # Decode and modify the file content\r\n        decoded_content = requests.get(file_data['download_url']).text.splitlines()\r\n        decoded_content.insert(line_number - 1, formatted_text)\r\n        updated_content = '\\\\n'.join(decoded_content).encode('utf-8')\r\n        updated_content_base64 = base64.b64encode(updated_content).decode('utf-8')\r\n\r\n        # Commit the changes to a new branch\r\n        branch_name = f'ai-suggestion-{context.aws_request_id}'\r\n        create_branch_url = f'https://api.github.com/repos/{repo_owner}/{repo_name}/git/refs'\r\n        default_branch_sha = requests.get(f'https://api.github.com/repos/{repo_owner}/{repo_name}/git/refs/heads/main', headers=headers).json()['object']['sha']\r\n        requests.post(create_branch_url, headers=headers, json={'ref': f'refs/heads/{branch_name}', 'sha': default_branch_sha}).raise_for_status()\r\n\r\n        # Update the file in the new branch\r\n        update_file_url = f'https://api.github.com/repos/{repo_owner}/{repo_name}/contents/{file_path}'\r\n        requests.put(update_file_url, headers=headers, json={'message': 'AI agent suggestion', 'content': updated_content_base64, 'sha': file_sha, 'branch': branch_name}).raise_for_status()\r\n\r\n        # Create the pull request\r\n        create_pr_url = f'https://api.github.com/repos/{repo_owner}/{repo_name}/pulls'\r\n        requests.post(create_pr_url, headers=headers, json={'title': 'AI agent suggestion', 'head': branch_name, 'base': 'feature/test'}).raise_for_status()\r\n\r\n        return {'statusCode': 200, 'body': json.dumps({'message': 'Pull request created'})}\r\n\r\n    except Exception as e:\r\n        print(f\"Error: {e}\")\r\n        return {'statusCode': 500, 'body': json.dumps({'error': str(e)})}\r\n",
            "source_content_filename": "lambda_function.py",
            "source_dir": null,
            "source_file": null,
            "type": "zip"
          },
          "sensitive_attributes": []
        }
      ]
    },
    {
      "mode": "data",
      "type": "aws_caller_identity",
      "name": "current",
      "provider": "provider[\"registry.terraform.io/hashicorp/aws\"]",
      "instances": [
        {
          "schema_version": 0,
          "attributes": {
            "account_id": "539247457480",
            "arn": "arn:aws:iam::539247457480:user/admin-matare",
            "id": "539247457480",
            "user_id": "AIDAX3DNHGTEBYTVZQH3L"
          },
          "sensitive_attributes": []
        }
      ]
    },
    {
      "mode": "data",
      "type": "aws_region",
      "name": "current",
      "provider": "provider[\"registry.terraform.io/hashicorp/aws\"]",
      "instances": [
        {
          "schema_version": 0,
          "attributes": {
            "description": "US East (N. Virginia)",
            "endpoint": "ec2.us-east-1.amazonaws.com",
            "id": "us-east-1",
            "name": "us-east-1"
          },
          "sensitive_attributes": []
        }
      ]
    },
    {
      "mode": "managed",
      "type": "aws_acm_certificate",
      "name": "savannah_canopy_cert",
      "provider": "provider[\"registry.terraform.io/hashicorp/aws\"]",
      "instances": [
        {
          "schema_version": 0,
          "attributes": {
            "arn": "arn:aws:acm:us-east-1:539247457480:certificate/e8105236-ad88-477c-9bfb-e58ced083f92",
            "certificate_authority_arn": "",
            "certificate_body": null,
            "certificate_chain": null,
            "domain_name": "www.savannah-canopy.com",
            "domain_validation_options": [
              {
                "domain_name": "savannah-canopy.com",
                "resource_record_name": "_bcd5ce536667a8979ebbd73700d0a6ca.savannah-canopy.com.",
                "resource_record_type": "CNAME",
                "resource_record_value": "_75ab2ec97dc8e6df16b4696e3390b5fe.xlfgrmvvlj.acm-validations.aws."
              },
              {
                "domain_name": "www.savannah-canopy.com",
                "resource_record_name": "_dbb4e9504dab9e0a57a306321a552158.www.savannah-canopy.com.",
                "resource_record_type": "CNAME",
                "resource_record_value": "_0a54ea726ed5268a78e4da1d5e5f1a53.xlfgrmvvlj.acm-validations.aws."
              }
            ],
            "early_renewal_duration": "",
            "id": "arn:aws:acm:us-east-1:539247457480:certificate/e8105236-ad88-477c-9bfb-e58ced083f92",
            "key_algorithm": "RSA_2048",
            "not_after": "",
            "not_before": "",
            "options": [
              {
                "certificate_transparency_logging_preference": "ENABLED"
              }
            ],
            "pending_renewal": false,
            "private_key": null,
            "renewal_eligibility": "INELIGIBLE",
            "renewal_summary": [],
            "status": "PENDING_VALIDATION",
            "subject_alternative_names": [
              "savannah-canopy.com",
              "www.savannah-canopy.com"
            ],
            "tags": {},
            "tags_all": {},
            "type": "AMAZON_ISSUED",
            "validation_emails": [],
            "validation_method": "DNS",
            "validation_option": []
          },
          "sensitive_attributes": [
            [
              {
                "type": "get_attr",
                "value": "private_key"
              }
            ]
          ],
          "private": "bnVsbA==",
          "create_before_destroy": true
        }
      ]
    },
    {
      "mode": "managed",
      "type": "aws_cloudwatch_log_group",
      "name": "backend_log_group",
      "provider": "provider[\"registry.terraform.io/hashicorp/aws\"]",
      "instances": [
        {
          "schema_version": 0,
          "attributes": {
            "arn": "arn:aws:logs:us-east-1:539247457480:log-group:/ecs/backend-app",
            "id": "/ecs/backend-app",
            "kms_key_id": "",
            "log_group_class": "STANDARD",
            "name": "/ecs/backend-app",
            "name_prefix": "",
            "retention_in_days": 3,
            "skip_destroy": false,
            "tags": {},
            "tags_all": {}
          },
          "sensitive_attributes": [],
          "private": "bnVsbA=="
        }
      ]
    },
    {
      "mode": "managed",
      "type": "aws_cloudwatch_log_subscription_filter",
      "name": "backend_log_subscription_filter",
      "provider": "provider[\"registry.terraform.io/hashicorp/aws\"]",
      "instances": [
        {
          "schema_version": 0,
          "attributes": {
            "destination_arn": "arn:aws:lambda:us-east-1:539247457480:function:backend-error-logs-processor-lambda",
            "distribution": "ByLogStream",
            "filter_pattern": "ERROR",
            "id": "cwlsf-3598548617",
            "log_group_name": "/ecs/backend-app",
            "name": "backend-log-subscription-filter",
            "role_arn": ""
          },
          "sensitive_attributes": [],
          "private": "bnVsbA==",
          "dependencies": [
            "aws_cloudwatch_log_group.backend_log_group",
            "aws_ecs_cluster.plantstore_cluster",
            "aws_ecs_service.backend_service",
            "aws_ecs_task_definition.backend_task",
            "aws_iam_role.ecs_tasks_execution_role",
            "aws_iam_role.lambda_execution_role",
            "aws_lambda_function.backend_error_logs_processor_lambda",
            "aws_lb.application_load_balancer",
            "aws_lb_listener.http_listener",
            "aws_lb_target_group.backend_target_group",
            "aws_s3_bucket.codepipeline_bucket",
            "aws_s3_object.backend_lambda_zip_upload",
            "aws_security_group.alb_sg",
            "aws_security_group.backend_sg",
            "data.archive_file.backend_lambda_zip",
            "data.aws_caller_identity.current",
            "data.aws_region.current"
          ]
        }
      ]
    },
    {
      "mode": "managed",
      "type": "aws_codebuild_project",
      "name": "backend_build",
      "provider": "provider[\"registry.terraform.io/hashicorp/aws\"]",
      "instances": [
        {
          "schema_version": 0,
          "attributes": {
            "arn": "arn:aws:codebuild:us-east-1:539247457480:project/plantstore-backend-build",
            "artifacts": [
              {
                "artifact_identifier": "",
                "bucket_owner_access": "",
                "encryption_disabled": false,
                "location": "plantstore-codepipeline-artifacts",
                "name": "backend-output",
                "namespace_type": "",
                "override_artifact_name": false,
                "packaging": "NONE",
                "path": "",
                "type": "CODEPIPELINE"
              }
            ],
            "badge_enabled": false,
            "badge_url": "",
            "build_batch_config": [],
            "build_timeout": 60,
            "cache": [
              {
                "location": "",
                "modes": [],
                "type": "NO_CACHE"
              }
            ],
            "concurrent_build_limit": 0,
            "description": "",
            "encryption_key": "arn:aws:kms:us-east-1:539247457480:alias/aws/s3",
            "environment": [
              {
                "certificate": "",
                "compute_type": "BUILD_GENERAL1_SMALL",
                "environment_variable": [
                  {
                    "name": "JAVA_HOME",
                    "type": "PLAINTEXT",
                    "value": "/usr/lib/jvm/java-17-amazon-corretto"
                  }
                ],
                "fleet": [],
                "image": "aws/codebuild/standard:7.0",
                "image_pull_credentials_type": "CODEBUILD",
                "privileged_mode": false,
                "registry_credential": [],
                "type": "LINUX_CONTAINER"
              }
            ],
            "file_system_locations": [],
            "id": "arn:aws:codebuild:us-east-1:539247457480:project/plantstore-backend-build",
            "logs_config": [
              {
                "cloudwatch_logs": [
                  {
                    "group_name": "",
                    "status": "ENABLED",
                    "stream_name": ""
                  }
                ],
                "s3_logs": [
                  {
                    "bucket_owner_access": "",
                    "encryption_disabled": false,
                    "location": "",
                    "status": "DISABLED"
                  }
                ]
              }
            ],
            "name": "plantstore-backend-build",
            "project_visibility": "PRIVATE",
            "public_project_alias": "",
            "queued_timeout": 480,
            "resource_access_role": "",
            "secondary_artifacts": [],
            "secondary_source_version": [],
            "secondary_sources": [],
            "service_role": "arn:aws:iam::539247457480:role/codebuild-role",
            "source": [
              {
                "build_status_config": [],
                "buildspec": "version: 0.2\r\n\r\n#setting up environmental variables\r\nenv:\r\n  variables:\r\n    AWS_ACCOUNT_ID: \"539247457480\"\r\n    AWS_DEFAULT_REGION: \"us-east-1\"\r\n\r\nphases:\r\n  install:\r\n    commands:\r\n      - echo Installing Maven...\r\n      - mvn --version\r\n  pre_build:\r\n    commands:\r\n      - echo Logging in to Amazon ECR...\r\n      - aws ecr get-login-password --region $AWS_DEFAULT_REGION | docker login --username AWS --password-stdin $AWS_ACCOUNT_ID.dkr.ecr.$AWS_DEFAULT_REGION.amazonaws.com\r\n      - echo Logging in to Docker Hub...\r\n      - DOCKERHUB_TOKEN=$(aws secretsmanager get-secret-value --secret-id dockerhub-access-token --query SecretString --output text)\r\n      - docker login -u matopt -p \"$DOCKERHUB_TOKEN\"\r\n  build:\r\n    commands:\r\n      - echo Building the Spring Boot app...\r\n      - mvn -f savannah-canopy-rest/pom.xml clean package\r\n      - echo Building the Docker image...\r\n      - docker build --load -f savannah-canopy-rest/Dockerfile -t $AWS_ACCOUNT_ID.dkr.ecr.$AWS_DEFAULT_REGION.amazonaws.com/plantstore-backend-registry:latest .\r\n      - docker tag $AWS_ACCOUNT_ID.dkr.ecr.$AWS_DEFAULT_REGION.amazonaws.com/plantstore-backend-registry:latest $AWS_ACCOUNT_ID.dkr.ecr.$AWS_DEFAULT_REGION.amazonaws.com/plantstore-backend-registry:$CODEBUILD_RESOLVED_SOURCE_VERSION\r\n  post_build:\r\n    commands:\r\n      - echo Pushing the Docker image...\r\n      - docker push $AWS_ACCOUNT_ID.dkr.ecr.$AWS_DEFAULT_REGION.amazonaws.com/plantstore-backend-registry:latest\r\n      - docker push $AWS_ACCOUNT_ID.dkr.ecr.$AWS_DEFAULT_REGION.amazonaws.com/plantstore-backend-registry:$CODEBUILD_RESOLVED_SOURCE_VERSION\r\nartifacts:\r\n  files:\r\n    - savannah-canopy-rest/target/*.jar\r\n    - imagedefinitions-backend.json",
                "git_clone_depth": 0,
                "git_submodules_config": [],
                "insecure_ssl": false,
                "location": "",
                "report_build_status": false,
                "type": "CODEPIPELINE"
              }
            ],
            "source_version": "",
            "tags": {},
            "tags_all": {},
            "vpc_config": []
          },
          "sensitive_attributes": [],
          "private": "bnVsbA==",
          "dependencies": [
            "aws_iam_role.codebuild_role",
            "aws_s3_bucket.codepipeline_bucket"
          ]
        }
      ]
    },
    {
      "mode": "managed",
      "type": "aws_codepipeline",
      "name": "plantstore_pipeline",
      "provider": "provider[\"registry.terraform.io/hashicorp/aws\"]",
      "instances": [
        {
          "schema_version": 0,
          "attributes": {
            "arn": "arn:aws:codepipeline:us-east-1:539247457480:plantstore-pipeline",
            "artifact_store": [
              {
                "encryption_key": [],
                "location": "plantstore-codepipeline-artifacts",
                "region": "",
                "type": "S3"
              }
            ],
            "execution_mode": "SUPERSEDED",
            "id": "plantstore-pipeline",
            "name": "plantstore-pipeline",
            "pipeline_type": "V2",
            "role_arn": "arn:aws:iam::539247457480:role/codepipeline-role",
            "stage": [
              {
                "action": [
                  {
                    "category": "Source",
                    "configuration": {
                      "BranchName": "feature/backend",
                      "ConnectionArn": "arn:aws:codestar-connections:us-east-1:539247457480:connection/6ac3cf0f-687f-4930-8244-d61ae11c55ff",
                      "FullRepositoryId": "techllen/Savannah-canopy"
                    },
                    "input_artifacts": null,
                    "name": "GitHub_Source",
                    "namespace": "",
                    "output_artifacts": [
                      "source_output"
                    ],
                    "owner": "AWS",
                    "provider": "CodeStarSourceConnection",
                    "region": "",
                    "role_arn": "",
                    "run_order": 1,
                    "timeout_in_minutes": 0,
                    "version": "1"
                  }
                ],
                "name": "Source"
              },
              {
                "action": [
                  {
                    "category": "Build",
                    "configuration": {
                      "ProjectName": "plantstore-backend-build"
                    },
                    "input_artifacts": [
                      "source_output"
                    ],
                    "name": "Backend_Build",
                    "namespace": "",
                    "output_artifacts": [
                      "backend_build_output"
                    ],
                    "owner": "AWS",
                    "provider": "CodeBuild",
                    "region": "",
                    "role_arn": "",
                    "run_order": 1,
                    "timeout_in_minutes": 0,
                    "version": "1"
                  }
                ],
                "name": "Build_backend"
              },
              {
                "action": [
                  {
                    "category": "Deploy",
                    "configuration": {
                      "ClusterName": "savannah-canopy",
                      "FileName": "imagedefinitions-backend.json",
                      "ServiceName": "plantstore-backend-service"
                    },
                    "input_artifacts": [
                      "backend_build_output"
                    ],
                    "name": "Deploy_to_ECS_backend",
                    "namespace": "",
                    "output_artifacts": null,
                    "owner": "AWS",
                    "provider": "ECS",
                    "region": "",
                    "role_arn": "",
                    "run_order": 1,
                    "timeout_in_minutes": 0,
                    "version": "1"
                  }
                ],
                "name": "Deploy_backend"
              }
            ],
            "tags": null,
            "tags_all": {},
            "trigger": [
              {
                "git_configuration": [
                  {
                    "pull_request": [],
                    "push": [
                      {
                        "branches": [
                          {
                            "excludes": null,
                            "includes": [
                              "feature/backend",
                              "main"
                            ]
                          }
                        ],
                        "file_paths": [],
                        "tags": []
                      }
                    ],
                    "source_action_name": "GitHub_Source"
                  }
                ],
                "provider_type": "CodeStarSourceConnection"
              }
            ],
            "variable": []
          },
          "sensitive_attributes": [],
          "private": "bnVsbA==",
          "dependencies": [
            "aws_codebuild_project.backend_build",
            "aws_codestarconnections_connection.github_connection",
            "aws_ecs_cluster.plantstore_cluster",
            "aws_ecs_service.backend_service",
            "aws_ecs_task_definition.backend_task",
            "aws_iam_role.codebuild_role",
            "aws_iam_role.codepipeline_role",
            "aws_iam_role.ecs_tasks_execution_role",
            "aws_iam_role_policy.codepipeline_connection_policy",
            "aws_lb.application_load_balancer",
            "aws_lb_listener.http_listener",
            "aws_lb_target_group.backend_target_group",
            "aws_s3_bucket.codepipeline_bucket",
            "aws_security_group.alb_sg",
            "aws_security_group.backend_sg",
            "data.aws_caller_identity.current",
            "data.aws_region.current"
          ]
        }
      ]
    },
    {
      "mode": "managed",
      "type": "aws_codestarconnections_connection",
      "name": "github_connection",
      "provider": "provider[\"registry.terraform.io/hashicorp/aws\"]",
      "instances": [
        {
          "schema_version": 0,
          "attributes": {
            "arn": "arn:aws:codestar-connections:us-east-1:539247457480:connection/6ac3cf0f-687f-4930-8244-d61ae11c55ff",
            "connection_status": "AVAILABLE",
            "host_arn": "",
            "id": "arn:aws:codestar-connections:us-east-1:539247457480:connection/6ac3cf0f-687f-4930-8244-d61ae11c55ff",
            "name": "github-connection",
            "provider_type": "GitHub",
            "tags": {},
            "tags_all": {}
          },
          "sensitive_attributes": [],
          "private": "bnVsbA=="
        }
      ]
    },
    {
      "mode": "managed",
      "type": "aws_db_subnet_group",
      "name": "aurora_subnet_group",
      "provider": "provider[\"registry.terraform.io/hashicorp/aws\"]",
      "instances": [
        {
          "schema_version": 0,
          "attributes": {
            "arn": "arn:aws:rds:us-east-1:539247457480:subgrp:aurora-subnet-group",
            "description": "Managed by Terraform",
            "id": "aurora-subnet-group",
            "name": "aurora-subnet-group",
            "name_prefix": "",
            "subnet_ids": [
              "subnet-004c597f51f5a111f",
              "subnet-015f9ef9f50348937"
            ],
            "supported_network_types": [
              "IPV4"
            ],
            "tags": {},
            "tags_all": {},
            "vpc_id": "vpc-085257437561e6789"
          },
          "sensitive_attributes": [],
          "private": "bnVsbA=="
        }
      ]
    },
    {
      "mode": "managed",
      "type": "aws_ecr_repository",
      "name": "backend_registry",
      "provider": "provider[\"registry.terraform.io/hashicorp/aws\"]",
      "instances": [
        {
          "schema_version": 0,
          "attributes": {
            "arn": "arn:aws:ecr:us-east-1:539247457480:repository/plantstore-backend-registry",
            "encryption_configuration": [
              {
                "encryption_type": "AES256",
                "kms_key": ""
              }
            ],
            "force_delete": null,
            "id": "plantstore-backend-registry",
            "image_scanning_configuration": [
              {
                "scan_on_push": false
              }
            ],
            "image_tag_mutability": "MUTABLE",
            "name": "plantstore-backend-registry",
            "registry_id": "539247457480",
            "repository_url": "539247457480.dkr.ecr.us-east-1.amazonaws.com/plantstore-backend-registry",
            "tags": {},
            "tags_all": {},
            "timeouts": null
          },
          "sensitive_attributes": [],
          "private": "eyJlMmJmYjczMC1lY2FhLTExZTYtOGY4OC0zNDM2M2JjN2M0YzAiOnsiZGVsZXRlIjoxMjAwMDAwMDAwMDAwfX0="
        }
      ]
    },
    {
      "mode": "managed",
      "type": "aws_ecs_cluster",
      "name": "plantstore_cluster",
      "provider": "provider[\"registry.terraform.io/hashicorp/aws\"]",
      "instances": [
        {
          "schema_version": 0,
          "attributes": {
            "arn": "arn:aws:ecs:us-east-1:539247457480:cluster/savannah-canopy",
            "configuration": [],
            "id": "arn:aws:ecs:us-east-1:539247457480:cluster/savannah-canopy",
            "name": "savannah-canopy",
            "service_connect_defaults": [],
            "setting": [
              {
                "name": "containerInsights",
                "value": "disabled"
              }
            ],
            "tags": {},
            "tags_all": {}
          },
          "sensitive_attributes": [],
          "private": "bnVsbA=="
        }
      ]
    },
    {
      "mode": "managed",
      "type": "aws_ecs_service",
      "name": "backend_service",
      "provider": "provider[\"registry.terraform.io/hashicorp/aws\"]",
      "instances": [
        {
          "schema_version": 1,
          "attributes": {
            "alarms": [],
            "availability_zone_rebalancing": "DISABLED",
            "capacity_provider_strategy": [],
            "cluster": "arn:aws:ecs:us-east-1:539247457480:cluster/savannah-canopy",
            "deployment_circuit_breaker": [
              {
                "enable": false,
                "rollback": false
              }
            ],
            "deployment_controller": [
              {
                "type": "ECS"
              }
            ],
            "deployment_maximum_percent": 200,
            "deployment_minimum_healthy_percent": 100,
            "desired_count": 1,
            "enable_ecs_managed_tags": false,
            "enable_execute_command": false,
            "force_delete": null,
            "force_new_deployment": null,
            "health_check_grace_period_seconds": 180,
            "iam_role": "/aws-service-role/ecs.amazonaws.com/AWSServiceRoleForECS",
            "id": "arn:aws:ecs:us-east-1:539247457480:service/savannah-canopy/plantstore-backend-service",
            "launch_type": "FARGATE",
            "load_balancer": [
              {
                "container_name": "backend",
                "container_port": 8080,
                "elb_name": "",
                "target_group_arn": "arn:aws:elasticloadbalancing:us-east-1:539247457480:targetgroup/backend-tg/7e2eec819874b426"
              }
            ],
            "name": "plantstore-backend-service",
            "network_configuration": [
              {
                "assign_public_ip": true,
                "security_groups": [
                  "sg-0413a8d2794853c35"
                ],
                "subnets": [
                  "subnet-004c597f51f5a111f"
                ]
              }
            ],
            "ordered_placement_strategy": [],
            "placement_constraints": [],
            "platform_version": "LATEST",
            "propagate_tags": "NONE",
            "scheduling_strategy": "REPLICA",
            "service_connect_configuration": [],
            "service_registries": [],
            "tags": null,
            "tags_all": {},
            "task_definition": "arn:aws:ecs:us-east-1:539247457480:task-definition/backend-task:45",
            "timeouts": null,
            "triggers": {},
            "volume_configuration": [],
            "vpc_lattice_configurations": [],
            "wait_for_steady_state": false
          },
          "sensitive_attributes": [],
          "private": "eyJlMmJmYjczMC1lY2FhLTExZTYtOGY4OC0zNDM2M2JjN2M0YzAiOnsiY3JlYXRlIjoxMjAwMDAwMDAwMDAwLCJkZWxldGUiOjEyMDAwMDAwMDAwMDAsInVwZGF0ZSI6MTIwMDAwMDAwMDAwMH0sInNjaGVtYV92ZXJzaW9uIjoiMSJ9",
          "dependencies": [
            "aws_ecs_cluster.plantstore_cluster",
            "aws_ecs_task_definition.backend_task",
            "aws_iam_role.ecs_tasks_execution_role",
            "aws_lb.application_load_balancer",
            "aws_lb_listener.http_listener",
            "aws_lb_target_group.backend_target_group",
            "aws_security_group.alb_sg",
            "aws_security_group.backend_sg",
            "data.aws_caller_identity.current",
            "data.aws_region.current"
          ]
        }
      ]
    },
    {
      "mode": "managed",
      "type": "aws_ecs_task_definition",
      "name": "backend_task",
      "provider": "provider[\"registry.terraform.io/hashicorp/aws\"]",
      "instances": [
        {
          "schema_version": 1,
          "attributes": {
            "arn": "arn:aws:ecs:us-east-1:539247457480:task-definition/backend-task:45",
            "arn_without_revision": "arn:aws:ecs:us-east-1:539247457480:task-definition/backend-task",
            "container_definitions": "[{\"environment\":[],\"essential\":true,\"healthCheck\":{\"command\":[\"CMD-SHELL\",\"curl -f http://localhost:8080/actuator/health || exit 1\"],\"interval\":30,\"retries\":3,\"startPeriod\":180,\"timeout\":10},\"image\":\"539247457480.dkr.ecr.us-east-1.amazonaws.com/plantstore-backend-registry:latest\",\"logConfiguration\":{\"logDriver\":\"awslogs\",\"options\":{\"awslogs-group\":\"/ecs/backend-app\",\"awslogs-region\":\"us-east-1\",\"awslogs-stream-prefix\":\"ecs\"}},\"mountPoints\":[],\"name\":\"backend\",\"portMappings\":[{\"containerPort\":8080,\"hostPort\":8080,\"protocol\":\"tcp\"}],\"systemControls\":[],\"volumesFrom\":[]}]",
            "cpu": "1024",
            "enable_fault_injection": false,
            "ephemeral_storage": [],
            "execution_role_arn": "arn:aws:iam::539247457480:role/ecs-task-execution-role",
            "family": "backend-task",
            "id": "backend-task",
            "inference_accelerator": [],
            "ipc_mode": "",
            "memory": "2048",
            "network_mode": "awsvpc",
            "pid_mode": "",
            "placement_constraints": [],
            "proxy_configuration": [],
            "requires_compatibilities": [
              "FARGATE"
            ],
            "revision": 45,
            "runtime_platform": [],
            "skip_destroy": false,
            "tags": null,
            "tags_all": {},
            "task_role_arn": "",
            "track_latest": false,
            "volume": []
          },
          "sensitive_attributes": [],
          "private": "eyJzY2hlbWFfdmVyc2lvbiI6IjEifQ==",
          "dependencies": [
            "aws_iam_role.ecs_tasks_execution_role",
            "data.aws_caller_identity.current",
            "data.aws_region.current"
          ]
        }
      ]
    },
    {
      "mode": "managed",
      "type": "aws_iam_policy",
      "name": "codebuild_secrets_policy",
      "provider": "provider[\"registry.terraform.io/hashicorp/aws\"]",
      "instances": [
        {
          "schema_version": 0,
          "attributes": {
            "arn": "arn:aws:iam::539247457480:policy/codebuild-secrets-policy",
            "attachment_count": 1,
            "description": "Policy to allow CodeBuild to access Docker Hub access token",
            "id": "arn:aws:iam::539247457480:policy/codebuild-secrets-policy",
            "name": "codebuild-secrets-policy",
            "name_prefix": "",
            "path": "/",
            "policy": "{\"Statement\":[{\"Action\":[\"secretsmanager:GetSecretValue\"],\"Effect\":\"Allow\",\"Resource\":\"arn:aws:secretsmanager:us-east-1:539247457480:secret:dockerhub-access-token-6GpXDA\"}],\"Version\":\"2012-10-17\"}",
            "policy_id": "ANPAX3DNHGTEFQRPOMJWC",
            "tags": {},
            "tags_all": {}
          },
          "sensitive_attributes": [],
          "private": "bnVsbA==",
          "dependencies": [
            "aws_secretsmanager_secret.dockerhub_access_token"
          ]
        }
      ]
    },
    {
      "mode": "managed",
      "type": "aws_iam_policy",
      "name": "codepipeline_ecs_deploy_policy",
      "provider": "provider[\"registry.terraform.io/hashicorp/aws\"]",
      "instances": [
        {
          "schema_version": 0,
          "attributes": {
            "arn": "arn:aws:iam::539247457480:policy/codepipeline-ecs-deploy-policy",
            "attachment_count": 1,
            "description": "Policy to allow CodePipeline to deploy to ECS",
            "id": "arn:aws:iam::539247457480:policy/codepipeline-ecs-deploy-policy",
            "name": "codepipeline-ecs-deploy-policy",
            "name_prefix": "",
            "path": "/",
            "policy": "{\"Statement\":[{\"Action\":[\"ecs:UpdateService\",\"ecs:DescribeServices\",\"ecs:DescribeTaskDefinition\",\"ecs:RegisterTaskDefinition\",\"iam:PassRole\",\"elasticloadbalancing:*\",\"ecr:GetAuthorizationToken\",\"ecr:BatchCheckLayerAvailability\",\"ecr:GetDownloadUrlForLayer\",\"ecr:BatchGetImage\"],\"Effect\":\"Allow\",\"Resource\":[\"*\"]},{\"Action\":[\"iam:PassRole\"],\"Effect\":\"Allow\",\"Resource\":[\"arn:aws:iam::539247457480:role/ecs-task-execution-role\"]}],\"Version\":\"2012-10-17\"}",
            "policy_id": "ANPAX3DNHGTEPRIXYZYYY",
            "tags": {},
            "tags_all": {}
          },
          "sensitive_attributes": [],
          "private": "bnVsbA==",
          "dependencies": [
            "aws_iam_role.ecs_tasks_execution_role"
          ]
        }
      ]
    },
    {
      "mode": "managed",
      "type": "aws_iam_policy",
      "name": "lambda_bedrock_policy",
      "provider": "provider[\"registry.terraform.io/hashicorp/aws\"]",
      "instances": [
        {
          "schema_version": 0,
          "attributes": {
            "arn": "arn:aws:iam::539247457480:policy/lambda-bedrock-policy",
            "attachment_count": 1,
            "description": "Policy to allow Lambda to invoke Bedrock models",
            "id": "arn:aws:iam::539247457480:policy/lambda-bedrock-policy",
            "name": "lambda-bedrock-policy",
            "name_prefix": "",
            "path": "/",
            "policy": "{\"Statement\":[{\"Action\":[\"bedrock:InvokeModel\",\"bedrock-runtime:InvokeModel\",\"bedrock:InvokeModelWithResponseStream\"],\"Effect\":\"Allow\",\"Resource\":\"arn:aws:bedrock:us-east-1::foundation-model/mistral.mistral-7b-instruct-v0:2\"}],\"Version\":\"2012-10-17\"}",
            "policy_id": "ANPAX3DNHGTEFJL3K3U33",
            "tags": {},
            "tags_all": {}
          },
          "sensitive_attributes": [],
          "private": "bnVsbA=="
        }
      ]
    },
    {
      "mode": "managed",
      "type": "aws_iam_policy_attachment",
      "name": "lambda_execution_policy",
      "provider": "provider[\"registry.terraform.io/hashicorp/aws\"]",
      "instances": [
        {
          "schema_version": 0,
          "attributes": {
            "groups": [],
            "id": "lambda-execution-policy",
            "name": "lambda-execution-policy",
            "policy_arn": "arn:aws:iam::aws:policy/service-role/AWSLambdaBasicExecutionRole",
            "roles": [
              "lambda-execution-role"
            ],
            "users": []
          },
          "sensitive_attributes": [],
          "private": "bnVsbA==",
          "dependencies": [
            "aws_iam_role.lambda_execution_role"
          ]
        }
      ]
    },
    {
      "mode": "managed",
      "type": "aws_iam_role",
      "name": "codebuild_role",
      "provider": "provider[\"registry.terraform.io/hashicorp/aws\"]",
      "instances": [
        {
          "schema_version": 0,
          "attributes": {
            "arn": "arn:aws:iam::539247457480:role/codebuild-role",
            "assume_role_policy": "{\"Statement\":[{\"Action\":\"sts:AssumeRole\",\"Effect\":\"Allow\",\"Principal\":{\"Service\":\"codebuild.amazonaws.com\"}}],\"Version\":\"2012-10-17\"}",
            "create_date": "2025-03-26T02:31:25Z",
            "description": "",
            "force_detach_policies": false,
            "id": "codebuild-role",
            "inline_policy": [
              {
                "name": "codebuild-logs-policy",
                "policy": "{\"Version\":\"2012-10-17\",\"Statement\":[{\"Action\":[\"logs:CreateLogGroup\",\"logs:CreateLogStream\",\"logs:PutLogEvents\"],\"Effect\":\"Allow\",\"Resource\":[\"arn:aws:logs:us-east-1:539247457480:log-group:/aws/codebuild/*\"]}]}"
              },
              {
                "name": "codebuild-s3-policy",
                "policy": "{\"Version\":\"2012-10-17\",\"Statement\":[{\"Action\":[\"s3:PutObject\",\"s3:GetObject\",\"s3:ListBucket\"],\"Effect\":\"Allow\",\"Resource\":[\"arn:aws:s3:::plantstore-codepipeline-artifacts/*\"]},{\"Action\":\"ecr:GetAuthorizationToken\",\"Effect\":\"Allow\",\"Resource\":\"*\"},{\"Action\":\"ecr:InitiateLayerUpload\",\"Effect\":\"Allow\",\"Resource\":\"*\"},{\"Action\":\"ecr:UploadLayerPart\",\"Effect\":\"Allow\",\"Resource\":\"*\"},{\"Action\":\"ecr:CompleteLayerUpload\",\"Effect\":\"Allow\",\"Resource\":\"*\"},{\"Action\":\"ecr:PutImage\",\"Effect\":\"Allow\",\"Resource\":\"*\"},{\"Action\":\"ecr:BatchCheckLayerAvailability\",\"Effect\":\"Allow\",\"Resource\":\"*\"}]}"
              }
            ],
            "managed_policy_arns": [
              "arn:aws:iam::539247457480:policy/codebuild-secrets-policy"
            ],
            "max_session_duration": 3600,
            "name": "codebuild-role",
            "name_prefix": "",
            "path": "/",
            "permissions_boundary": "",
            "tags": {},
            "tags_all": {},
            "unique_id": "AROAX3DNHGTEIZCISPFNA"
          },
          "sensitive_attributes": [],
          "private": "bnVsbA=="
        }
      ]
    },
    {
      "mode": "managed",
      "type": "aws_iam_role",
      "name": "codepipeline_role",
      "provider": "provider[\"registry.terraform.io/hashicorp/aws\"]",
      "instances": [
        {
          "schema_version": 0,
          "attributes": {
            "arn": "arn:aws:iam::539247457480:role/codepipeline-role",
            "assume_role_policy": "{\"Statement\":[{\"Action\":\"sts:AssumeRole\",\"Effect\":\"Allow\",\"Principal\":{\"Service\":\"codepipeline.amazonaws.com\"}}],\"Version\":\"2012-10-17\"}",
            "create_date": "2025-03-26T02:31:25Z",
            "description": "",
            "force_detach_policies": false,
            "id": "codepipeline-role",
            "inline_policy": [
              {
                "name": "codepipeline-codebuild-policy",
                "policy": "{\"Version\":\"2012-10-17\",\"Statement\":[{\"Action\":[\"codebuild:StartBuild\",\"codebuild:BatchGetBuilds\",\"codebuild:StopBuild\",\"codebuild:ListBuildsForProject\",\"codebuild:BatchGetProjects\"],\"Effect\":\"Allow\",\"Resource\":[\"arn:aws:codebuild:us-east-1:539247457480:project/plantstore-backend-build\"]}]}"
              },
              {
                "name": "codepipeline-connection-policy",
                "policy": "{\"Version\":\"2012-10-17\",\"Statement\":[{\"Action\":[\"codestar-connections:UseConnection\"],\"Effect\":\"Allow\",\"Resource\":[\"arn:aws:codestar-connections:us-east-1:539247457480:connection/6ac3cf0f-687f-4930-8244-d61ae11c55ff\"]},{\"Action\":[\"appconfig:StartDeployment\",\"appconfig:GetDeployment\",\"appconfig:StopDeployment\"],\"Effect\":\"Allow\",\"Resource\":\"*\"},{\"Action\":[\"codecommit:GetRepository\"],\"Effect\":\"Allow\",\"Resource\":\"*\"}]}"
              },
              {
                "name": "codepipeline-s3-policy",
                "policy": "{\"Version\":\"2012-10-17\",\"Statement\":[{\"Action\":[\"s3:PutObject\",\"s3:GetObject\",\"s3:ListBucket\"],\"Effect\":\"Allow\",\"Resource\":[\"arn:aws:s3:::plantstore-codepipeline-artifacts/*\"]}]}"
              }
            ],
            "managed_policy_arns": [
              "arn:aws:iam::539247457480:policy/codepipeline-ecs-deploy-policy",
              "arn:aws:iam::aws:policy/AWSCodePipeline_FullAccess"
            ],
            "max_session_duration": 3600,
            "name": "codepipeline-role",
            "name_prefix": "",
            "path": "/",
            "permissions_boundary": "",
            "tags": {},
            "tags_all": {},
            "unique_id": "AROAX3DNHGTEE7E7Q6JXN"
          },
          "sensitive_attributes": [],
          "private": "bnVsbA=="
        }
      ]
    },
    {
      "mode": "managed",
      "type": "aws_iam_role",
      "name": "ecs_tasks_execution_role",
      "provider": "provider[\"registry.terraform.io/hashicorp/aws\"]",
      "instances": [
        {
          "schema_version": 0,
          "attributes": {
            "arn": "arn:aws:iam::539247457480:role/ecs-task-execution-role",
            "assume_role_policy": "{\"Statement\":[{\"Action\":\"sts:AssumeRole\",\"Effect\":\"Allow\",\"Principal\":{\"Service\":\"ecs-tasks.amazonaws.com\"}}],\"Version\":\"2012-10-17\"}",
            "create_date": "2025-03-26T02:31:25Z",
            "description": "",
            "force_detach_policies": false,
            "id": "ecs-task-execution-role",
            "inline_policy": [],
            "managed_policy_arns": [
              "arn:aws:iam::aws:policy/service-role/AmazonECSTaskExecutionRolePolicy"
            ],
            "max_session_duration": 3600,
            "name": "ecs-task-execution-role",
            "name_prefix": "",
            "path": "/",
            "permissions_boundary": "",
            "tags": {},
            "tags_all": {},
            "unique_id": "AROAX3DNHGTEHJMPKTPSN"
          },
          "sensitive_attributes": [],
          "private": "bnVsbA=="
        }
      ]
    },
    {
      "mode": "managed",
      "type": "aws_iam_role",
      "name": "lambda_execution_role",
      "provider": "provider[\"registry.terraform.io/hashicorp/aws\"]",
      "instances": [
        {
          "schema_version": 0,
          "attributes": {
            "arn": "arn:aws:iam::539247457480:role/lambda-execution-role",
            "assume_role_policy": "{\"Statement\":[{\"Action\":\"sts:AssumeRole\",\"Effect\":\"Allow\",\"Principal\":{\"Service\":\"lambda.amazonaws.com\"}}],\"Version\":\"2012-10-17\"}",
            "create_date": "2025-03-26T02:31:25Z",
            "description": "",
            "force_detach_policies": false,
            "id": "lambda-execution-role",
            "inline_policy": [],
            "managed_policy_arns": [
              "arn:aws:iam::539247457480:policy/lambda-bedrock-policy",
              "arn:aws:iam::aws:policy/service-role/AWSLambdaBasicExecutionRole"
            ],
            "max_session_duration": 3600,
            "name": "lambda-execution-role",
            "name_prefix": "",
            "path": "/",
            "permissions_boundary": "",
            "tags": {},
            "tags_all": {},
            "unique_id": "AROAX3DNHGTEE532MXLCO"
          },
          "sensitive_attributes": [],
          "private": "bnVsbA=="
        }
      ]
    },
    {
      "mode": "managed",
      "type": "aws_iam_role_policy",
      "name": "codebuild_logs_policy",
      "provider": "provider[\"registry.terraform.io/hashicorp/aws\"]",
      "instances": [
        {
          "schema_version": 0,
          "attributes": {
            "id": "codebuild-role:codebuild-logs-policy",
            "name": "codebuild-logs-policy",
            "name_prefix": "",
            "policy": "{\"Version\":\"2012-10-17\",\"Statement\":[{\"Action\":[\"logs:CreateLogGroup\",\"logs:CreateLogStream\",\"logs:PutLogEvents\"],\"Effect\":\"Allow\",\"Resource\":[\"arn:aws:logs:us-east-1:539247457480:log-group:/aws/codebuild/*\"]}]}",
            "role": "codebuild-role"
          },
          "sensitive_attributes": [],
          "private": "bnVsbA==",
          "dependencies": [
            "aws_iam_role.codebuild_role"
          ]
        }
      ]
    },
    {
      "mode": "managed",
      "type": "aws_iam_role_policy",
      "name": "codebuild_s3_policy",
      "provider": "provider[\"registry.terraform.io/hashicorp/aws\"]",
      "instances": [
        {
          "schema_version": 0,
          "attributes": {
            "id": "codebuild-role:codebuild-s3-policy",
            "name": "codebuild-s3-policy",
            "name_prefix": "",
            "policy": "{\"Version\":\"2012-10-17\",\"Statement\":[{\"Action\":[\"s3:PutObject\",\"s3:GetObject\",\"s3:ListBucket\"],\"Effect\":\"Allow\",\"Resource\":[\"arn:aws:s3:::plantstore-codepipeline-artifacts/*\"]},{\"Action\":\"ecr:GetAuthorizationToken\",\"Effect\":\"Allow\",\"Resource\":\"*\"},{\"Action\":\"ecr:InitiateLayerUpload\",\"Effect\":\"Allow\",\"Resource\":\"*\"},{\"Action\":\"ecr:UploadLayerPart\",\"Effect\":\"Allow\",\"Resource\":\"*\"},{\"Action\":\"ecr:CompleteLayerUpload\",\"Effect\":\"Allow\",\"Resource\":\"*\"},{\"Action\":\"ecr:PutImage\",\"Effect\":\"Allow\",\"Resource\":\"*\"},{\"Action\":\"ecr:BatchCheckLayerAvailability\",\"Effect\":\"Allow\",\"Resource\":\"*\"}]}",
            "role": "codebuild-role"
          },
          "sensitive_attributes": [],
          "private": "bnVsbA==",
          "dependencies": [
            "aws_iam_role.codebuild_role"
          ]
        }
      ]
    },
    {
      "mode": "managed",
      "type": "aws_iam_role_policy",
      "name": "codepipeline_codebuild_policy",
      "provider": "provider[\"registry.terraform.io/hashicorp/aws\"]",
      "instances": [
        {
          "schema_version": 0,
          "attributes": {
            "id": "codepipeline-role:codepipeline-codebuild-policy",
            "name": "codepipeline-codebuild-policy",
            "name_prefix": "",
            "policy": "{\"Version\":\"2012-10-17\",\"Statement\":[{\"Action\":[\"codebuild:StartBuild\",\"codebuild:BatchGetBuilds\",\"codebuild:StopBuild\",\"codebuild:ListBuildsForProject\",\"codebuild:BatchGetProjects\"],\"Effect\":\"Allow\",\"Resource\":[\"arn:aws:codebuild:us-east-1:539247457480:project/plantstore-backend-build\"]}]}",
            "role": "codepipeline-role"
          },
          "sensitive_attributes": [],
          "private": "bnVsbA==",
          "dependencies": [
            "aws_iam_role.codepipeline_role"
          ]
        }
      ]
    },
    {
      "mode": "managed",
      "type": "aws_iam_role_policy",
      "name": "codepipeline_connection_policy",
      "provider": "provider[\"registry.terraform.io/hashicorp/aws\"]",
      "instances": [
        {
          "schema_version": 0,
          "attributes": {
            "id": "codepipeline-role:codepipeline-connection-policy",
            "name": "codepipeline-connection-policy",
            "name_prefix": "",
            "policy": "{\"Version\":\"2012-10-17\",\"Statement\":[{\"Action\":[\"codestar-connections:UseConnection\"],\"Effect\":\"Allow\",\"Resource\":[\"arn:aws:codestar-connections:us-east-1:539247457480:connection/6ac3cf0f-687f-4930-8244-d61ae11c55ff\"]},{\"Action\":[\"appconfig:StartDeployment\",\"appconfig:GetDeployment\",\"appconfig:StopDeployment\"],\"Effect\":\"Allow\",\"Resource\":\"*\"},{\"Action\":[\"codecommit:GetRepository\"],\"Effect\":\"Allow\",\"Resource\":\"*\"}]}",
            "role": "codepipeline-role"
          },
          "sensitive_attributes": [],
          "private": "bnVsbA==",
          "dependencies": [
            "aws_codestarconnections_connection.github_connection",
            "aws_iam_role.codepipeline_role"
          ]
        }
      ]
    },
    {
      "mode": "managed",
      "type": "aws_iam_role_policy",
      "name": "codepipeline_s3_policy",
      "provider": "provider[\"registry.terraform.io/hashicorp/aws\"]",
      "instances": [
        {
          "schema_version": 0,
          "attributes": {
            "id": "codepipeline-role:codepipeline-s3-policy",
            "name": "codepipeline-s3-policy",
            "name_prefix": "",
            "policy": "{\"Version\":\"2012-10-17\",\"Statement\":[{\"Action\":[\"s3:PutObject\",\"s3:GetObject\",\"s3:ListBucket\"],\"Effect\":\"Allow\",\"Resource\":[\"arn:aws:s3:::plantstore-codepipeline-artifacts/*\"]}]}",
            "role": "codepipeline-role"
          },
          "sensitive_attributes": [],
          "private": "bnVsbA==",
          "dependencies": [
            "aws_iam_role.codepipeline_role"
          ]
        }
      ]
    },
    {
      "mode": "managed",
      "type": "aws_iam_role_policy_attachment",
      "name": "codebuild_secrets_access",
      "provider": "provider[\"registry.terraform.io/hashicorp/aws\"]",
      "instances": [
        {
          "schema_version": 0,
          "attributes": {
            "id": "codebuild-role-20250326024921161500000003",
            "policy_arn": "arn:aws:iam::539247457480:policy/codebuild-secrets-policy",
            "role": "codebuild-role"
          },
          "sensitive_attributes": [],
          "private": "bnVsbA==",
          "dependencies": [
            "aws_iam_policy.codebuild_secrets_policy",
            "aws_iam_role.codebuild_role",
            "aws_secretsmanager_secret.dockerhub_access_token"
          ]
        }
      ]
    },
    {
      "mode": "managed",
      "type": "aws_iam_role_policy_attachment",
      "name": "codepipeline_ecs_deploy_attachment",
      "provider": "provider[\"registry.terraform.io/hashicorp/aws\"]",
      "instances": [
        {
          "schema_version": 0,
          "attributes": {
            "id": "codepipeline-role-20250326023128378900000007",
            "policy_arn": "arn:aws:iam::539247457480:policy/codepipeline-ecs-deploy-policy",
            "role": "codepipeline-role"
          },
          "sensitive_attributes": [],
          "private": "bnVsbA==",
          "dependencies": [
            "aws_iam_policy.codepipeline_ecs_deploy_policy",
            "aws_iam_role.codepipeline_role",
            "aws_iam_role.ecs_tasks_execution_role"
          ]
        }
      ]
    },
    {
      "mode": "managed",
      "type": "aws_iam_role_policy_attachment",
      "name": "codepipeline_policy",
      "provider": "provider[\"registry.terraform.io/hashicorp/aws\"]",
      "instances": [
        {
          "schema_version": 0,
          "attributes": {
            "id": "codepipeline-role-20250326023127284600000004",
            "policy_arn": "arn:aws:iam::aws:policy/AWSCodePipeline_FullAccess",
            "role": "codepipeline-role"
          },
          "sensitive_attributes": [],
          "private": "bnVsbA==",
          "dependencies": [
            "aws_iam_role.codepipeline_role"
          ]
        }
      ]
    },
    {
      "mode": "managed",
      "type": "aws_iam_role_policy_attachment",
      "name": "ecs_task_execution_policy",
      "provider": "provider[\"registry.terraform.io/hashicorp/aws\"]",
      "instances": [
        {
          "schema_version": 0,
          "attributes": {
            "id": "ecs-task-execution-role-20250326023128035900000005",
            "policy_arn": "arn:aws:iam::aws:policy/service-role/AmazonECSTaskExecutionRolePolicy",
            "role": "ecs-task-execution-role"
          },
          "sensitive_attributes": [],
          "private": "bnVsbA==",
          "dependencies": [
            "aws_iam_role.ecs_tasks_execution_role"
          ]
        }
      ]
    },
    {
      "mode": "managed",
      "type": "aws_iam_role_policy_attachment",
      "name": "lambda_bedrock_policy_attachment",
      "provider": "provider[\"registry.terraform.io/hashicorp/aws\"]",
      "instances": [
        {
          "schema_version": 0,
          "attributes": {
            "id": "lambda-execution-role-20250326023128136700000006",
            "policy_arn": "arn:aws:iam::539247457480:policy/lambda-bedrock-policy",
            "role": "lambda-execution-role"
          },
          "sensitive_attributes": [],
          "private": "bnVsbA==",
          "dependencies": [
            "aws_iam_policy.lambda_bedrock_policy",
            "aws_iam_role.lambda_execution_role"
          ]
        }
      ]
    },
    {
      "mode": "managed",
      "type": "aws_lambda_function",
      "name": "backend_error_logs_processor_lambda",
      "provider": "provider[\"registry.terraform.io/hashicorp/aws\"]",
      "instances": [
        {
          "schema_version": 0,
          "attributes": {
            "architectures": [
              "x86_64"
            ],
            "arn": "arn:aws:lambda:us-east-1:539247457480:function:backend-error-logs-processor-lambda",
            "code_sha256": "NzJ8Kh1I6SY227+bzl0P/zbm6hxV94micrP3Z3kInMk=",
            "code_signing_config_arn": "",
            "dead_letter_config": [],
            "description": "",
            "environment": [
              {
                "variables": {
                  "BEDROCK_MODEL_ID": "mistral.mistral-7b-instruct-v0:2"
                }
              }
            ],
            "ephemeral_storage": [
              {
                "size": 512
              }
            ],
            "file_system_config": [],
            "filename": null,
            "function_name": "backend-error-logs-processor-lambda",
            "handler": "lambda_function.lambda_handler",
            "id": "backend-error-logs-processor-lambda",
            "image_config": [],
            "image_uri": "",
            "invoke_arn": "arn:aws:apigateway:us-east-1:lambda:path/2015-03-31/functions/arn:aws:lambda:us-east-1:539247457480:function:backend-error-logs-processor-lambda/invocations",
            "kms_key_arn": "",
            "last_modified": "2025-03-26T02:31:36.895+0000",
            "layers": [],
            "logging_config": [
              {
                "application_log_level": "",
                "log_format": "Text",
                "log_group": "/aws/lambda/backend-error-logs-processor-lambda",
                "system_log_level": ""
              }
            ],
            "memory_size": 128,
            "package_type": "Zip",
            "publish": false,
            "qualified_arn": "arn:aws:lambda:us-east-1:539247457480:function:backend-error-logs-processor-lambda:$LATEST",
            "qualified_invoke_arn": "arn:aws:apigateway:us-east-1:lambda:path/2015-03-31/functions/arn:aws:lambda:us-east-1:539247457480:function:backend-error-logs-processor-lambda:$LATEST/invocations",
            "replace_security_groups_on_destroy": null,
            "replacement_security_group_ids": null,
            "reserved_concurrent_executions": -1,
            "role": "arn:aws:iam::539247457480:role/lambda-execution-role",
            "runtime": "python3.9",
            "s3_bucket": "plantstore-codepipeline-artifacts",
            "s3_key": "backend_lambda_function.zip",
            "s3_object_version": null,
            "signing_job_arn": "",
            "signing_profile_version_arn": "",
            "skip_destroy": false,
            "snap_start": [],
            "source_code_hash": "NzJ8Kh1I6SY227+bzl0P/zbm6hxV94micrP3Z3kInMk=",
            "source_code_size": 1195,
            "tags": {},
            "tags_all": {},
            "timeout": 15,
            "timeouts": null,
            "tracing_config": [
              {
                "mode": "PassThrough"
              }
            ],
            "version": "$LATEST",
            "vpc_config": []
          },
          "sensitive_attributes": [],
          "private": "eyJlMmJmYjczMC1lY2FhLTExZTYtOGY4OC0zNDM2M2JjN2M0YzAiOnsiY3JlYXRlIjo2MDAwMDAwMDAwMDAsImRlbGV0ZSI6NjAwMDAwMDAwMDAwLCJ1cGRhdGUiOjYwMDAwMDAwMDAwMH19",
          "dependencies": [
            "aws_iam_role.lambda_execution_role",
            "aws_s3_bucket.codepipeline_bucket",
            "aws_s3_object.backend_lambda_zip_upload",
            "data.archive_file.backend_lambda_zip"
          ]
        }
      ]
    },
    {
      "mode": "managed",
      "type": "aws_lambda_function",
      "name": "post_process_ai_agent_output_lambda",
      "provider": "provider[\"registry.terraform.io/hashicorp/aws\"]",
      "instances": [
        {
          "schema_version": 0,
          "attributes": {
            "architectures": [
              "x86_64"
            ],
            "arn": "arn:aws:lambda:us-east-1:539247457480:function:post-process-ai-agent-output-lambda",
            "code_sha256": "/kc+rOAn+NvoFh1Yc/9KU8L8L+OZo4Wp6VAXLeGMYac=",
            "code_signing_config_arn": "",
            "dead_letter_config": [],
            "description": "",
            "environment": [
              {
                "variables": {
                  "FILE_PATH": "savannah-canopy-rest/src/test",
                  "GITHUB_REPO_NAME": "Savannah-canopy",
                  "GITHUB_REPO_OWNER": "techllen",
                  "GITHUB_TOKEN": "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",
                  "LINE_NUMBER": "0"
                }
              }
            ],
            "ephemeral_storage": [
              {
                "size": 512
              }
            ],
            "file_system_config": [],
            "filename": null,
            "function_name": "post-process-ai-agent-output-lambda",
            "handler": "lambda_function.lambda_handler",
            "id": "post-process-ai-agent-output-lambda",
            "image_config": [],
            "image_uri": "",
            "invoke_arn": "arn:aws:apigateway:us-east-1:lambda:path/2015-03-31/functions/arn:aws:lambda:us-east-1:539247457480:function:post-process-ai-agent-output-lambda/invocations",
            "kms_key_arn": "",
            "last_modified": "2025-03-26T02:31:32.979+0000",
            "layers": [
              "arn:aws:lambda:us-east-1:539247457480:layer:requests-layer:6"
            ],
            "logging_config": [
              {
                "application_log_level": "",
                "log_format": "Text",
                "log_group": "/aws/lambda/post-process-ai-agent-output-lambda",
                "system_log_level": ""
              }
            ],
            "memory_size": 128,
            "package_type": "Zip",
            "publish": false,
            "qualified_arn": "arn:aws:lambda:us-east-1:539247457480:function:post-process-ai-agent-output-lambda:$LATEST",
            "qualified_invoke_arn": "arn:aws:apigateway:us-east-1:lambda:path/2015-03-31/functions/arn:aws:lambda:us-east-1:539247457480:function:post-process-ai-agent-output-lambda:$LATEST/invocations",
            "replace_security_groups_on_destroy": null,
            "replacement_security_group_ids": null,
            "reserved_concurrent_executions": -1,
            "role": "arn:aws:iam::539247457480:role/lambda-execution-role",
            "runtime": "python3.9",
            "s3_bucket": "plantstore-codepipeline-artifacts",
            "s3_key": "post_process_lambda_function.zip",
            "s3_object_version": null,
            "signing_job_arn": "",
            "signing_profile_version_arn": "",
            "skip_destroy": false,
            "snap_start": [],
            "source_code_hash": "/kc+rOAn+NvoFh1Yc/9KU8L8L+OZo4Wp6VAXLeGMYac=",
            "source_code_size": 1134,
            "tags": {},
            "tags_all": {},
            "timeout": 15,
            "timeouts": null,
            "tracing_config": [
              {
                "mode": "PassThrough"
              }
            ],
            "version": "$LATEST",
            "vpc_config": []
          },
          "sensitive_attributes": [],
          "private": "eyJlMmJmYjczMC1lY2FhLTExZTYtOGY4OC0zNDM2M2JjN2M0YzAiOnsiY3JlYXRlIjo2MDAwMDAwMDAwMDAsImRlbGV0ZSI6NjAwMDAwMDAwMDAwLCJ1cGRhdGUiOjYwMDAwMDAwMDAwMH19",
          "dependencies": [
            "aws_iam_role.lambda_execution_role",
            "aws_lambda_layer_version.requests_layer",
            "aws_s3_bucket.codepipeline_bucket",
            "aws_s3_object.post_process_lambda_zip_upload",
            "data.archive_file.post_process_lambda_zip"
          ]
        }
      ]
    },
    {
      "mode": "managed",
      "type": "aws_lambda_layer_version",
      "name": "requests_layer",
      "provider": "provider[\"registry.terraform.io/hashicorp/aws\"]",
      "instances": [
        {
          "schema_version": 0,
          "attributes": {
            "arn": "arn:aws:lambda:us-east-1:539247457480:layer:requests-layer:6",
            "code_sha256": "LGx+3b9hFk3rihXjXk/kkCWniYgfSUje+nMr6QKeaaA=",
            "compatible_architectures": [],
            "compatible_runtimes": [
              "python3.9"
            ],
            "created_date": "2025-03-26T02:31:31.566+0000",
            "description": "Lambda layer with the requests module",
            "filename": "requests-layer-dependencies.zip",
            "id": "arn:aws:lambda:us-east-1:539247457480:layer:requests-layer:6",
            "layer_arn": "arn:aws:lambda:us-east-1:539247457480:layer:requests-layer",
            "layer_name": "requests-layer",
            "license_info": "",
            "s3_bucket": null,
            "s3_key": null,
            "s3_object_version": null,
            "signing_job_arn": "",
            "signing_profile_version_arn": "",
            "skip_destroy": false,
            "source_code_hash": "LGx+3b9hFk3rihXjXk/kkCWniYgfSUje+nMr6QKeaaA=",
            "source_code_size": 1090766,
            "version": "6"
          },
          "sensitive_attributes": [],
          "private": "bnVsbA=="
        }
      ]
    },
    {
      "mode": "managed",
      "type": "aws_lambda_permission",
      "name": "allow_backend_error_logs_invoke_post_process",
      "provider": "provider[\"registry.terraform.io/hashicorp/aws\"]",
      "instances": [
        {
          "schema_version": 0,
          "attributes": {
            "action": "lambda:InvokeFunction",
            "event_source_token": null,
            "function_name": "post-process-ai-agent-output-lambda",
            "function_url_auth_type": null,
            "id": "AllowBackendErrorLogsInvokePostProcess",
            "principal": "lambda.amazonaws.com",
            "principal_org_id": null,
            "qualifier": "",
            "source_account": null,
            "source_arn": "arn:aws:lambda:us-east-1:539247457480:function:backend-error-logs-processor-lambda",
            "statement_id": "AllowBackendErrorLogsInvokePostProcess",
            "statement_id_prefix": ""
          },
          "sensitive_attributes": [],
          "private": "bnVsbA==",
          "dependencies": [
            "aws_iam_role.lambda_execution_role",
            "aws_lambda_function.backend_error_logs_processor_lambda",
            "aws_lambda_function.post_process_ai_agent_output_lambda",
            "aws_lambda_layer_version.requests_layer",
            "aws_s3_bucket.codepipeline_bucket",
            "aws_s3_object.backend_lambda_zip_upload",
            "aws_s3_object.post_process_lambda_zip_upload",
            "data.archive_file.backend_lambda_zip",
            "data.archive_file.post_process_lambda_zip"
          ]
        }
      ]
    },
    {
      "mode": "managed",
      "type": "aws_lambda_permission",
      "name": "allow_cloudwatch_logs_backend",
      "provider": "provider[\"registry.terraform.io/hashicorp/aws\"]",
      "instances": [
        {
          "schema_version": 0,
          "attributes": {
            "action": "lambda:InvokeFunction",
            "event_source_token": null,
            "function_name": "backend-error-logs-processor-lambda",
            "function_url_auth_type": null,
            "id": "AllowExecutionFromCloudWatchLogsBackend",
            "principal": "logs.us-east-1.amazonaws.com",
            "principal_org_id": null,
            "qualifier": "",
            "source_account": null,
            "source_arn": "arn:aws:logs:us-east-1:539247457480:log-group:/ecs/backend-app:*",
            "statement_id": "AllowExecutionFromCloudWatchLogsBackend",
            "statement_id_prefix": ""
          },
          "sensitive_attributes": [],
          "private": "bnVsbA==",
          "dependencies": [
            "aws_iam_role.lambda_execution_role",
            "aws_lambda_function.backend_error_logs_processor_lambda",
            "aws_s3_bucket.codepipeline_bucket",
            "aws_s3_object.backend_lambda_zip_upload",
            "data.archive_file.backend_lambda_zip",
            "data.aws_caller_identity.current",
            "data.aws_region.current"
          ]
        }
      ]
    },
    {
      "mode": "managed",
      "type": "aws_lambda_permission",
      "name": "allow_post_processing_invocation",
      "provider": "provider[\"registry.terraform.io/hashicorp/aws\"]",
      "instances": [
        {
          "schema_version": 0,
          "attributes": {
            "action": "lambda:InvokeFunction",
            "event_source_token": null,
            "function_name": "post-process-ai-agent-output-lambda",
            "function_url_auth_type": null,
            "id": "AllowExecutionFromAnywhere",
            "principal": "*",
            "principal_org_id": null,
            "qualifier": "",
            "source_account": null,
            "source_arn": null,
            "statement_id": "AllowExecutionFromAnywhere",
            "statement_id_prefix": ""
          },
          "sensitive_attributes": [],
          "private": "bnVsbA==",
          "dependencies": [
            "aws_iam_role.lambda_execution_role",
            "aws_lambda_function.post_process_ai_agent_output_lambda",
            "aws_lambda_layer_version.requests_layer",
            "aws_s3_bucket.codepipeline_bucket",
            "aws_s3_object.post_process_lambda_zip_upload",
            "data.archive_file.post_process_lambda_zip"
          ]
        }
      ]
    },
    {
      "mode": "managed",
      "type": "aws_lb",
      "name": "application_load_balancer",
      "provider": "provider[\"registry.terraform.io/hashicorp/aws\"]",
      "instances": [
        {
          "schema_version": 0,
          "attributes": {
            "access_logs": [
              {
                "bucket": "",
                "enabled": false,
                "prefix": ""
              }
            ],
            "arn": "arn:aws:elasticloadbalancing:us-east-1:539247457480:loadbalancer/app/plantstore-alb/795ab27ff4cd5e1b",
            "arn_suffix": "app/plantstore-alb/795ab27ff4cd5e1b",
            "client_keep_alive": 3600,
            "connection_logs": [
              {
                "bucket": "",
                "enabled": false,
                "prefix": ""
              }
            ],
            "customer_owned_ipv4_pool": "",
            "desync_mitigation_mode": "defensive",
            "dns_name": "plantstore-alb-328425894.us-east-1.elb.amazonaws.com",
            "dns_record_client_routing_policy": null,
            "drop_invalid_header_fields": false,
            "enable_cross_zone_load_balancing": true,
            "enable_deletion_protection": false,
            "enable_http2": true,
            "enable_tls_version_and_cipher_suite_headers": false,
            "enable_waf_fail_open": false,
            "enable_xff_client_port": false,
            "enable_zonal_shift": false,
            "enforce_security_group_inbound_rules_on_private_link_traffic": "",
            "id": "arn:aws:elasticloadbalancing:us-east-1:539247457480:loadbalancer/app/plantstore-alb/795ab27ff4cd5e1b",
            "idle_timeout": 60,
            "internal": false,
            "ip_address_type": "ipv4",
            "load_balancer_type": "application",
            "name": "plantstore-alb",
            "name_prefix": "",
            "preserve_host_header": false,
            "security_groups": [
              "sg-04895625ecc7119fc"
            ],
            "subnet_mapping": [
              {
                "allocation_id": "",
                "ipv6_address": "",
                "outpost_id": "",
                "private_ipv4_address": "",
                "subnet_id": "subnet-004c597f51f5a111f"
              },
              {
                "allocation_id": "",
                "ipv6_address": "",
                "outpost_id": "",
                "private_ipv4_address": "",
                "subnet_id": "subnet-015f9ef9f50348937"
              }
            ],
            "subnets": [
              "subnet-004c597f51f5a111f",
              "subnet-015f9ef9f50348937"
            ],
            "tags": {},
            "tags_all": {},
            "timeouts": null,
            "vpc_id": "vpc-085257437561e6789",
            "xff_header_processing_mode": "append",
            "zone_id": "Z35SXDOTRQ7X7K"
          },
          "sensitive_attributes": [],
          "private": "eyJlMmJmYjczMC1lY2FhLTExZTYtOGY4OC0zNDM2M2JjN2M0YzAiOnsiY3JlYXRlIjo2MDAwMDAwMDAwMDAsImRlbGV0ZSI6NjAwMDAwMDAwMDAwLCJ1cGRhdGUiOjYwMDAwMDAwMDAwMH19",
          "dependencies": [
            "aws_security_group.alb_sg"
          ]
        }
      ]
    },
    {
      "mode": "managed",
      "type": "aws_lb_listener",
      "name": "http_listener",
      "provider": "provider[\"registry.terraform.io/hashicorp/aws\"]",
      "instances": [
        {
          "schema_version": 0,
          "attributes": {
            "alpn_policy": null,
            "arn": "arn:aws:elasticloadbalancing:us-east-1:539247457480:listener/app/plantstore-alb/795ab27ff4cd5e1b/42391e2848a7165f",
            "certificate_arn": null,
            "default_action": [
              {
                "authenticate_cognito": [],
                "authenticate_oidc": [],
                "fixed_response": [],
                "forward": [],
                "order": 1,
                "redirect": [
                  {
                    "host": "#{host}",
                    "path": "/#{path}",
                    "port": "443",
                    "protocol": "HTTPS",
                    "query": "#{query}",
                    "status_code": "HTTP_301"
                  }
                ],
                "target_group_arn": "",
                "type": "redirect"
              }
            ],
            "id": "arn:aws:elasticloadbalancing:us-east-1:539247457480:listener/app/plantstore-alb/795ab27ff4cd5e1b/42391e2848a7165f",
            "load_balancer_arn": "arn:aws:elasticloadbalancing:us-east-1:539247457480:loadbalancer/app/plantstore-alb/795ab27ff4cd5e1b",
            "mutual_authentication": [],
            "port": 80,
            "protocol": "HTTP",
            "routing_http_request_x_amzn_mtls_clientcert_header_name": null,
            "routing_http_request_x_amzn_mtls_clientcert_issuer_header_name": null,
            "routing_http_request_x_amzn_mtls_clientcert_leaf_header_name": null,
            "routing_http_request_x_amzn_mtls_clientcert_serial_number_header_name": null,
            "routing_http_request_x_amzn_mtls_clientcert_subject_header_name": null,
            "routing_http_request_x_amzn_mtls_clientcert_validity_header_name": null,
            "routing_http_request_x_amzn_tls_cipher_suite_header_name": null,
            "routing_http_request_x_amzn_tls_version_header_name": null,
            "routing_http_response_access_control_allow_credentials_header_value": "",
            "routing_http_response_access_control_allow_headers_header_value": "",
            "routing_http_response_access_control_allow_methods_header_value": "",
            "routing_http_response_access_control_allow_origin_header_value": "",
            "routing_http_response_access_control_expose_headers_header_value": "",
            "routing_http_response_access_control_max_age_header_value": "",
            "routing_http_response_content_security_policy_header_value": "",
            "routing_http_response_server_enabled": false,
            "routing_http_response_strict_transport_security_header_value": "",
            "routing_http_response_x_content_type_options_header_value": "",
            "routing_http_response_x_frame_options_header_value": "",
            "ssl_policy": "",
            "tags": {},
            "tags_all": {},
            "tcp_idle_timeout_seconds": null,
            "timeouts": null
          },
          "sensitive_attributes": [],
          "private": "eyJlMmJmYjczMC1lY2FhLTExZTYtOGY4OC0zNDM2M2JjN2M0YzAiOnsiY3JlYXRlIjozMDAwMDAwMDAwMDAsInVwZGF0ZSI6MzAwMDAwMDAwMDAwfX0=",
          "dependencies": [
            "aws_lb.application_load_balancer",
            "aws_security_group.alb_sg"
          ]
        }
      ]
    },
    {
      "mode": "managed",
      "type": "aws_lb_listener_rule",
      "name": "backend_listener_rule",
      "provider": "provider[\"registry.terraform.io/hashicorp/aws\"]",
      "instances": [
        {
          "schema_version": 0,
          "attributes": {
            "action": [
              {
                "authenticate_cognito": [],
                "authenticate_oidc": [],
                "fixed_response": [],
                "forward": [],
                "order": 1,
                "redirect": [],
                "target_group_arn": "arn:aws:elasticloadbalancing:us-east-1:539247457480:targetgroup/backend-tg/7e2eec819874b426",
                "type": "forward"
              }
            ],
            "arn": "arn:aws:elasticloadbalancing:us-east-1:539247457480:listener-rule/app/plantstore-alb/795ab27ff4cd5e1b/42391e2848a7165f/cfb3ac2487e1ef23",
            "condition": [
              {
                "host_header": [],
                "http_header": [],
                "http_request_method": [],
                "path_pattern": [
                  {
                    "values": [
                      "/sc-bk/*"
                    ]
                  }
                ],
                "query_string": [],
                "source_ip": []
              }
            ],
            "id": "arn:aws:elasticloadbalancing:us-east-1:539247457480:listener-rule/app/plantstore-alb/795ab27ff4cd5e1b/42391e2848a7165f/cfb3ac2487e1ef23",
            "listener_arn": "arn:aws:elasticloadbalancing:us-east-1:539247457480:listener/app/plantstore-alb/795ab27ff4cd5e1b/42391e2848a7165f",
            "priority": 10,
            "tags": {},
            "tags_all": {}
          },
          "sensitive_attributes": [],
          "private": "bnVsbA==",
          "dependencies": [
            "aws_lb.application_load_balancer",
            "aws_lb_listener.http_listener",
            "aws_lb_target_group.backend_target_group",
            "aws_security_group.alb_sg"
          ]
        }
      ]
    },
    {
      "mode": "managed",
      "type": "aws_lb_target_group",
      "name": "backend_target_group",
      "provider": "provider[\"registry.terraform.io/hashicorp/aws\"]",
      "instances": [
        {
          "schema_version": 0,
          "attributes": {
            "arn": "arn:aws:elasticloadbalancing:us-east-1:539247457480:targetgroup/backend-tg/7e2eec819874b426",
            "arn_suffix": "targetgroup/backend-tg/7e2eec819874b426",
            "connection_termination": null,
            "deregistration_delay": "300",
            "health_check": [
              {
                "enabled": true,
                "healthy_threshold": 3,
                "interval": 30,
                "matcher": "200",
                "path": "/actuator/health",
                "port": "8080",
                "protocol": "HTTP",
                "timeout": 5,
                "unhealthy_threshold": 3
              }
            ],
            "id": "arn:aws:elasticloadbalancing:us-east-1:539247457480:targetgroup/backend-tg/7e2eec819874b426",
            "ip_address_type": "ipv4",
            "lambda_multi_value_headers_enabled": false,
            "load_balancer_arns": [
              "arn:aws:elasticloadbalancing:us-east-1:539247457480:loadbalancer/app/plantstore-alb/795ab27ff4cd5e1b"
            ],
            "load_balancing_algorithm_type": "round_robin",
            "load_balancing_anomaly_mitigation": "off",
            "load_balancing_cross_zone_enabled": "use_load_balancer_configuration",
            "name": "backend-tg",
            "name_prefix": "",
            "port": 8080,
            "preserve_client_ip": null,
            "protocol": "HTTP",
            "protocol_version": "HTTP1",
            "proxy_protocol_v2": false,
            "slow_start": 0,
            "stickiness": [
              {
                "cookie_duration": 86400,
                "cookie_name": "",
                "enabled": false,
                "type": "lb_cookie"
              }
            ],
            "tags": {},
            "tags_all": {},
            "target_failover": [
              {
                "on_deregistration": null,
                "on_unhealthy": null
              }
            ],
            "target_group_health": [
              {
                "dns_failover": [
                  {
                    "minimum_healthy_targets_count": "1",
                    "minimum_healthy_targets_percentage": "off"
                  }
                ],
                "unhealthy_state_routing": [
                  {
                    "minimum_healthy_targets_count": 1,
                    "minimum_healthy_targets_percentage": "off"
                  }
                ]
              }
            ],
            "target_health_state": [
              {
                "enable_unhealthy_connection_termination": null,
                "unhealthy_draining_interval": null
              }
            ],
            "target_type": "ip",
            "vpc_id": "vpc-085257437561e6789"
          },
          "sensitive_attributes": [],
          "private": "bnVsbA=="
        }
      ]
    },
    {
      "mode": "managed",
      "type": "aws_rds_cluster",
      "name": "aurora_cluster",
      "provider": "provider[\"registry.terraform.io/hashicorp/aws\"]",
      "instances": [
        {
          "schema_version": 1,
          "attributes": {
            "allocated_storage": 1,
            "allow_major_version_upgrade": null,
            "apply_immediately": null,
            "arn": "arn:aws:rds:us-east-1:539247457480:cluster:plantstore-aurora-cluster",
            "availability_zones": [
              "us-east-1a",
              "us-east-1b",
              "us-east-1c"
            ],
            "backtrack_window": 0,
            "backup_retention_period": 1,
            "ca_certificate_identifier": null,
            "ca_certificate_valid_till": null,
            "cluster_identifier": "plantstore-aurora-cluster",
            "cluster_identifier_prefix": "",
            "cluster_members": [
              "tf-20250326031031208500000001"
            ],
            "cluster_resource_id": "cluster-TNT47Q3FPHUUQNCH5ICD5FPLK4",
            "cluster_scalability_type": "",
            "copy_tags_to_snapshot": false,
            "database_insights_mode": "standard",
            "database_name": null,
            "db_cluster_instance_class": "",
            "db_cluster_parameter_group_name": "default.aurora-postgresql14",
            "db_instance_parameter_group_name": null,
            "db_subnet_group_name": "aurora-subnet-group",
            "db_system_id": "",
            "delete_automated_backups": true,
            "deletion_protection": false,
            "domain": "",
            "domain_iam_role_name": "",
            "enable_global_write_forwarding": false,
            "enable_http_endpoint": false,
            "enable_local_write_forwarding": false,
            "enabled_cloudwatch_logs_exports": [],
            "endpoint": "plantstore-aurora-cluster.cluster-cngeamecwr2q.us-east-1.rds.amazonaws.com",
            "engine": "aurora-postgresql",
            "engine_lifecycle_support": "open-source-rds-extended-support",
            "engine_mode": "provisioned",
            "engine_version": "14.10",
            "engine_version_actual": "14.10",
            "final_snapshot_identifier": null,
            "global_cluster_identifier": "",
            "hosted_zone_id": "Z2R2ITUGPM61AM",
            "iam_database_authentication_enabled": false,
            "iam_roles": [],
            "id": "plantstore-aurora-cluster",
            "iops": 0,
            "kms_key_id": "",
            "manage_master_user_password": null,
            "master_password": "g00dpa$$",
            "master_password_wo": null,
            "master_password_wo_version": null,
            "master_user_secret": [],
            "master_user_secret_kms_key_id": null,
            "master_username": "postgres",
            "monitoring_interval": 0,
            "monitoring_role_arn": "",
            "network_type": "IPV4",
            "performance_insights_enabled": false,
            "performance_insights_kms_key_id": "",
            "performance_insights_retention_period": 0,
            "port": 5432,
            "preferred_backup_window": "07:45-08:15",
            "preferred_maintenance_window": "sun:07:08-sun:07:38",
            "reader_endpoint": "plantstore-aurora-cluster.cluster-ro-cngeamecwr2q.us-east-1.rds.amazonaws.com",
            "replication_source_identifier": "",
            "restore_to_point_in_time": [],
            "s3_import": [],
            "scaling_configuration": [],
            "serverlessv2_scaling_configuration": [
              {
                "max_capacity": 16,
                "min_capacity": 0.5,
                "seconds_until_auto_pause": 0
              }
            ],
            "skip_final_snapshot": false,
            "snapshot_identifier": null,
            "source_region": null,
            "storage_encrypted": false,
            "storage_type": "",
            "tags": {},
            "tags_all": {},
            "timeouts": null,
            "vpc_security_group_ids": [
              "sg-077a1f3c9e470cdd8"
            ]
          },
          "sensitive_attributes": [
            [
              {
                "type": "get_attr",
                "value": "master_password"
              }
            ],
            [
              {
                "type": "get_attr",
                "value": "master_password_wo"
              }
            ]
          ],
          "private": "eyJlMmJmYjczMC1lY2FhLTExZTYtOGY4OC0zNDM2M2JjN2M0YzAiOnsiY3JlYXRlIjo3MjAwMDAwMDAwMDAwLCJkZWxldGUiOjcyMDAwMDAwMDAwMDAsInVwZGF0ZSI6NzIwMDAwMDAwMDAwMH0sInNjaGVtYV92ZXJzaW9uIjoiMSJ9",
          "dependencies": [
            "aws_db_subnet_group.aurora_subnet_group",
            "aws_security_group.aurora_sg"
          ]
        }
      ]
    },
    {
      "mode": "managed",
      "type": "aws_rds_cluster_instance",
      "name": "aurora_cluster_instance",
      "provider": "provider[\"registry.terraform.io/hashicorp/aws\"]",
      "instances": [
        {
          "schema_version": 0,
          "attributes": {
            "apply_immediately": null,
            "arn": "arn:aws:rds:us-east-1:539247457480:db:tf-20250326031031208500000001",
            "auto_minor_version_upgrade": true,
            "availability_zone": "us-east-1b",
            "ca_cert_identifier": "rds-ca-rsa2048-g1",
            "cluster_identifier": "plantstore-aurora-cluster",
            "copy_tags_to_snapshot": false,
            "custom_iam_instance_profile": "",
            "db_parameter_group_name": "default.aurora-postgresql14",
            "db_subnet_group_name": "aurora-subnet-group",
            "dbi_resource_id": "db-MJC4X6HK53TLTHRSX6J4RZTL4I",
            "endpoint": "tf-20250326031031208500000001.cngeamecwr2q.us-east-1.rds.amazonaws.com",
            "engine": "aurora-postgresql",
            "engine_version": "14.10",
            "engine_version_actual": "14.10",
            "force_destroy": false,
            "id": "tf-20250326031031208500000001",
            "identifier": "tf-20250326031031208500000001",
            "identifier_prefix": "tf-",
            "instance_class": "db.serverless",
            "kms_key_id": "",
            "monitoring_interval": 0,
            "monitoring_role_arn": "",
            "network_type": "IPV4",
            "performance_insights_enabled": false,
            "performance_insights_kms_key_id": "",
            "performance_insights_retention_period": 0,
            "port": 5432,
            "preferred_backup_window": "07:45-08:15",
            "preferred_maintenance_window": "sun:04:21-sun:04:51",
            "promotion_tier": 0,
            "publicly_accessible": true,
            "storage_encrypted": false,
            "tags": {},
            "tags_all": {},
            "timeouts": null,
            "writer": true
          },
          "sensitive_attributes": [],
          "private": "eyJlMmJmYjczMC1lY2FhLTExZTYtOGY4OC0zNDM2M2JjN2M0YzAiOnsiY3JlYXRlIjo1NDAwMDAwMDAwMDAwLCJkZWxldGUiOjU0MDAwMDAwMDAwMDAsInVwZGF0ZSI6NTQwMDAwMDAwMDAwMH19",
          "dependencies": [
            "aws_db_subnet_group.aurora_subnet_group",
            "aws_rds_cluster.aurora_cluster",
            "aws_security_group.aurora_sg"
          ]
        }
      ]
    },
    {
      "mode": "managed",
      "type": "aws_route53_record",
      "name": "www_savannah_canopy_record",
      "provider": "provider[\"registry.terraform.io/hashicorp/aws\"]",
      "instances": [
        {
          "schema_version": 2,
          "attributes": {
            "alias": [
              {
                "evaluate_target_health": true,
                "name": "plantstore-alb-328425894.us-east-1.elb.amazonaws.com",
                "zone_id": "Z35SXDOTRQ7X7K"
              }
            ],
            "allow_overwrite": null,
            "cidr_routing_policy": [],
            "failover_routing_policy": [],
            "fqdn": "www.savannah-canopy.com",
            "geolocation_routing_policy": [],
            "geoproximity_routing_policy": [],
            "health_check_id": "",
            "id": "Z061208520ALBGHW2L1CZ_www.savannah-canopy.com_A",
            "latency_routing_policy": [],
            "multivalue_answer_routing_policy": false,
            "name": "www.savannah-canopy.com",
            "records": [],
            "set_identifier": "",
            "ttl": 0,
            "type": "A",
            "weighted_routing_policy": [],
            "zone_id": "Z061208520ALBGHW2L1CZ"
          },
          "sensitive_attributes": [],
          "private": "eyJzY2hlbWFfdmVyc2lvbiI6IjIifQ==",
          "dependencies": [
            "aws_lb.application_load_balancer",
            "aws_route53_zone.savannah_canopy_zone",
            "aws_security_group.alb_sg"
          ]
        }
      ]
    },
    {
      "mode": "managed",
      "type": "aws_route53_zone",
      "name": "savannah_canopy_zone",
      "provider": "provider[\"registry.terraform.io/hashicorp/aws\"]",
      "instances": [
        {
          "schema_version": 0,
          "attributes": {
            "arn": "arn:aws:route53:::hostedzone/Z061208520ALBGHW2L1CZ",
            "comment": "Managed by Terraform",
            "delegation_set_id": "",
            "force_destroy": false,
            "id": "Z061208520ALBGHW2L1CZ",
            "name": "savannah-canopy.com",
            "name_servers": [
              "ns-1158.awsdns-16.org",
              "ns-1939.awsdns-50.co.uk",
              "ns-265.awsdns-33.com",
              "ns-561.awsdns-06.net"
            ],
            "primary_name_server": "ns-561.awsdns-06.net",
            "tags": {},
            "tags_all": {},
            "vpc": [],
            "zone_id": "Z061208520ALBGHW2L1CZ"
          },
          "sensitive_attributes": [],
          "private": "bnVsbA=="
        }
      ]
    },
    {
      "mode": "managed",
      "type": "aws_s3_bucket",
      "name": "codepipeline_bucket",
      "provider": "provider[\"registry.terraform.io/hashicorp/aws\"]",
      "instances": [
        {
          "schema_version": 0,
          "attributes": {
            "acceleration_status": "",
            "acl": null,
            "arn": "arn:aws:s3:::plantstore-codepipeline-artifacts",
            "bucket": "plantstore-codepipeline-artifacts",
            "bucket_domain_name": "plantstore-codepipeline-artifacts.s3.amazonaws.com",
            "bucket_prefix": "",
            "bucket_regional_domain_name": "plantstore-codepipeline-artifacts.s3.us-east-1.amazonaws.com",
            "cors_rule": [],
            "force_destroy": false,
            "grant": [
              {
                "id": "6de9dda110b134f47fad84b6bd8186504d7ccf677464e5058e4c8dc3fb7fad3a",
                "permissions": [
                  "FULL_CONTROL"
                ],
                "type": "CanonicalUser",
                "uri": ""
              }
            ],
            "hosted_zone_id": "Z3AQBSTGFYJSTF",
            "id": "plantstore-codepipeline-artifacts",
            "lifecycle_rule": [],
            "logging": [],
            "object_lock_configuration": [],
            "object_lock_enabled": false,
            "policy": "",
            "region": "us-east-1",
            "replication_configuration": [],
            "request_payer": "BucketOwner",
            "server_side_encryption_configuration": [
              {
                "rule": [
                  {
                    "apply_server_side_encryption_by_default": [
                      {
                        "kms_master_key_id": "",
                        "sse_algorithm": "AES256"
                      }
                    ],
                    "bucket_key_enabled": false
                  }
                ]
              }
            ],
            "tags": {},
            "tags_all": {},
            "timeouts": null,
            "versioning": [
              {
                "enabled": false,
                "mfa_delete": false
              }
            ],
            "website": [],
            "website_domain": null,
            "website_endpoint": null
          },
          "sensitive_attributes": [],
          "private": "eyJlMmJmYjczMC1lY2FhLTExZTYtOGY4OC0zNDM2M2JjN2M0YzAiOnsiY3JlYXRlIjoxMjAwMDAwMDAwMDAwLCJkZWxldGUiOjM2MDAwMDAwMDAwMDAsInJlYWQiOjEyMDAwMDAwMDAwMDAsInVwZGF0ZSI6MTIwMDAwMDAwMDAwMH19"
        }
      ]
    },
    {
      "mode": "managed",
      "type": "aws_s3_object",
      "name": "backend_lambda_zip_upload",
      "provider": "provider[\"registry.terraform.io/hashicorp/aws\"]",
      "instances": [
        {
          "schema_version": 0,
          "attributes": {
            "acl": null,
            "arn": "arn:aws:s3:::plantstore-codepipeline-artifacts/backend_lambda_function.zip",
            "bucket": "plantstore-codepipeline-artifacts",
            "bucket_key_enabled": false,
            "cache_control": "",
            "checksum_algorithm": null,
            "checksum_crc32": "",
            "checksum_crc32c": "",
            "checksum_crc64nvme": "",
            "checksum_sha1": "",
            "checksum_sha256": "",
            "content": null,
            "content_base64": null,
            "content_disposition": "",
            "content_encoding": "",
            "content_language": "",
            "content_type": "application/octet-stream",
            "etag": "2ceb9ea482001b08856e08a50a2dbe85",
            "force_destroy": false,
            "id": "backend_lambda_function.zip",
            "key": "backend_lambda_function.zip",
            "kms_key_id": null,
            "metadata": {},
            "object_lock_legal_hold_status": "",
            "object_lock_mode": "",
            "object_lock_retain_until_date": "",
            "override_provider": [],
            "server_side_encryption": "AES256",
            "source": "backend_lambda_function.zip",
            "source_hash": null,
            "storage_class": "STANDARD",
            "tags": {},
            "tags_all": {},
            "version_id": "",
            "website_redirect": ""
          },
          "sensitive_attributes": [],
          "private": "bnVsbA==",
          "dependencies": [
            "aws_s3_bucket.codepipeline_bucket",
            "data.archive_file.backend_lambda_zip"
          ]
        }
      ]
    },
    {
      "mode": "managed",
      "type": "aws_s3_object",
      "name": "post_process_lambda_zip_upload",
      "provider": "provider[\"registry.terraform.io/hashicorp/aws\"]",
      "instances": [
        {
          "schema_version": 0,
          "attributes": {
            "acl": null,
            "arn": "arn:aws:s3:::plantstore-codepipeline-artifacts/post_process_lambda_function.zip",
            "bucket": "plantstore-codepipeline-artifacts",
            "bucket_key_enabled": false,
            "cache_control": "",
            "checksum_algorithm": null,
            "checksum_crc32": "",
            "checksum_crc32c": "",
            "checksum_crc64nvme": "",
            "checksum_sha1": "",
            "checksum_sha256": "",
            "content": null,
            "content_base64": null,
            "content_disposition": "",
            "content_encoding": "",
            "content_language": "",
            "content_type": "application/octet-stream",
            "etag": "a6f4d27ac32f7064b30a073c4d033574",
            "force_destroy": false,
            "id": "post_process_lambda_function.zip",
            "key": "post_process_lambda_function.zip",
            "kms_key_id": null,
            "metadata": {},
            "object_lock_legal_hold_status": "",
            "object_lock_mode": "",
            "object_lock_retain_until_date": "",
            "override_provider": [],
            "server_side_encryption": "AES256",
            "source": "post_process_lambda_function.zip",
            "source_hash": null,
            "storage_class": "STANDARD",
            "tags": {},
            "tags_all": {},
            "version_id": "",
            "website_redirect": ""
          },
          "sensitive_attributes": [],
          "private": "bnVsbA==",
          "dependencies": [
            "aws_s3_bucket.codepipeline_bucket",
            "data.archive_file.post_process_lambda_zip"
          ]
        }
      ]
    },
    {
      "mode": "managed",
      "type": "aws_secretsmanager_secret",
      "name": "dockerhub_access_token",
      "provider": "provider[\"registry.terraform.io/hashicorp/aws\"]",
      "instances": [
        {
          "schema_version": 0,
          "attributes": {
            "arn": "arn:aws:secretsmanager:us-east-1:539247457480:secret:dockerhub-access-token-6GpXDA",
            "description": "",
            "force_overwrite_replica_secret": false,
            "id": "arn:aws:secretsmanager:us-east-1:539247457480:secret:dockerhub-access-token-6GpXDA",
            "kms_key_id": "",
            "name": "dockerhub-access-token",
            "name_prefix": "",
            "policy": "",
            "recovery_window_in_days": 30,
            "replica": [],
            "tags": {},
            "tags_all": {}
          },
          "sensitive_attributes": [],
          "private": "bnVsbA=="
        }
      ]
    },
    {
      "mode": "managed",
      "type": "aws_secretsmanager_secret_version",
      "name": "dockerhub_access_token_version",
      "provider": "provider[\"registry.terraform.io/hashicorp/aws\"]",
      "instances": [
        {
          "schema_version": 0,
          "attributes": {
            "arn": "arn:aws:secretsmanager:us-east-1:539247457480:secret:dockerhub-access-token-6GpXDA",
            "has_secret_string_wo": null,
            "id": "arn:aws:secretsmanager:us-east-1:539247457480:secret:dockerhub-access-token-6GpXDA|terraform-20250326024920544500000002",
            "secret_binary": "",
            "secret_id": "arn:aws:secretsmanager:us-east-1:539247457480:secret:dockerhub-access-token-6GpXDA",
            "secret_string": "dckr_pat_FGs9iz0BlKfvUx5MMLW7m7L3gY4",
            "secret_string_wo": null,
            "secret_string_wo_version": null,
            "version_id": "terraform-20250326024920544500000002",
            "version_stages": [
              "AWSCURRENT"
            ]
          },
          "sensitive_attributes": [
            [
              {
                "type": "get_attr",
                "value": "secret_string"
              }
            ],
            [
              {
                "type": "get_attr",
                "value": "secret_binary"
              }
            ],
            [
              {
                "type": "get_attr",
                "value": "secret_string_wo"
              }
            ]
          ],
          "private": "bnVsbA==",
          "dependencies": [
            "aws_secretsmanager_secret.dockerhub_access_token"
          ]
        }
      ]
    },
    {
      "mode": "managed",
      "type": "aws_security_group",
      "name": "alb_sg",
      "provider": "provider[\"registry.terraform.io/hashicorp/aws\"]",
      "instances": [
        {
          "schema_version": 1,
          "attributes": {
            "arn": "arn:aws:ec2:us-east-1:539247457480:security-group/sg-04895625ecc7119fc",
            "description": "Security group for ALB",
            "egress": [
              {
                "cidr_blocks": [
                  "0.0.0.0/0"
                ],
                "description": "",
                "from_port": 0,
                "ipv6_cidr_blocks": [],
                "prefix_list_ids": [],
                "protocol": "-1",
                "security_groups": [],
                "self": false,
                "to_port": 0
              }
            ],
            "id": "sg-04895625ecc7119fc",
            "ingress": [
              {
                "cidr_blocks": [
                  "0.0.0.0/0"
                ],
                "description": "HTTP traffic",
                "from_port": 80,
                "ipv6_cidr_blocks": [],
                "prefix_list_ids": [],
                "protocol": "tcp",
                "security_groups": [],
                "self": false,
                "to_port": 80
              },
              {
                "cidr_blocks": [
                  "0.0.0.0/0"
                ],
                "description": "HTTPS traffic",
                "from_port": 443,
                "ipv6_cidr_blocks": [],
                "prefix_list_ids": [],
                "protocol": "tcp",
                "security_groups": [],
                "self": false,
                "to_port": 443
              }
            ],
            "name": "alb-sg",
            "name_prefix": "",
            "owner_id": "539247457480",
            "revoke_rules_on_delete": false,
            "tags": {},
            "tags_all": {},
            "timeouts": null,
            "vpc_id": "vpc-085257437561e6789"
          },
          "sensitive_attributes": [],
          "private": "eyJlMmJmYjczMC1lY2FhLTExZTYtOGY4OC0zNDM2M2JjN2M0YzAiOnsiY3JlYXRlIjo2MDAwMDAwMDAwMDAsImRlbGV0ZSI6OTAwMDAwMDAwMDAwfSwic2NoZW1hX3ZlcnNpb24iOiIxIn0="
        }
      ]
    },
    {
      "mode": "managed",
      "type": "aws_security_group",
      "name": "aurora_sg",
      "provider": "provider[\"registry.terraform.io/hashicorp/aws\"]",
      "instances": [
        {
          "schema_version": 1,
          "attributes": {
            "arn": "arn:aws:ec2:us-east-1:539247457480:security-group/sg-077a1f3c9e470cdd8",
            "description": "Security group for Aurora cluster",
            "egress": [
              {
                "cidr_blocks": [
                  "0.0.0.0/0"
                ],
                "description": "",
                "from_port": 0,
                "ipv6_cidr_blocks": [],
                "prefix_list_ids": [],
                "protocol": "-1",
                "security_groups": [],
                "self": false,
                "to_port": 0
              }
            ],
            "id": "sg-077a1f3c9e470cdd8",
            "ingress": [
              {
                "cidr_blocks": [
                  "0.0.0.0/0"
                ],
                "description": "",
                "from_port": 5432,
                "ipv6_cidr_blocks": [],
                "prefix_list_ids": [],
                "protocol": "tcp",
                "security_groups": [],
                "self": false,
                "to_port": 5432
              }
            ],
            "name": "aurora-sg",
            "name_prefix": "",
            "owner_id": "539247457480",
            "revoke_rules_on_delete": false,
            "tags": {},
            "tags_all": {},
            "timeouts": null,
            "vpc_id": "vpc-085257437561e6789"
          },
          "sensitive_attributes": [],
          "private": "eyJlMmJmYjczMC1lY2FhLTExZTYtOGY4OC0zNDM2M2JjN2M0YzAiOnsiY3JlYXRlIjo2MDAwMDAwMDAwMDAsImRlbGV0ZSI6OTAwMDAwMDAwMDAwfSwic2NoZW1hX3ZlcnNpb24iOiIxIn0="
        }
      ]
    },
    {
      "mode": "managed",
      "type": "aws_security_group",
      "name": "backend_sg",
      "provider": "provider[\"registry.terraform.io/hashicorp/aws\"]",
      "instances": [
        {
          "schema_version": 1,
          "attributes": {
            "arn": "arn:aws:ec2:us-east-1:539247457480:security-group/sg-0413a8d2794853c35",
            "description": "Security group for backend service",
            "egress": [
              {
                "cidr_blocks": [
                  "0.0.0.0/0"
                ],
                "description": "",
                "from_port": 0,
                "ipv6_cidr_blocks": [],
                "prefix_list_ids": [],
                "protocol": "-1",
                "security_groups": [],
                "self": false,
                "to_port": 0
              }
            ],
            "id": "sg-0413a8d2794853c35",
            "ingress": [
              {
                "cidr_blocks": [
                  "0.0.0.0/0"
                ],
                "description": "",
                "from_port": 8080,
                "ipv6_cidr_blocks": [],
                "prefix_list_ids": [],
                "protocol": "tcp",
                "security_groups": [],
                "self": false,
                "to_port": 8080
              }
            ],
            "name": "backend-sg",
            "name_prefix": "",
            "owner_id": "539247457480",
            "revoke_rules_on_delete": false,
            "tags": {},
            "tags_all": {},
            "timeouts": null,
            "vpc_id": "vpc-085257437561e6789"
          },
          "sensitive_attributes": [],
          "private": "eyJlMmJmYjczMC1lY2FhLTExZTYtOGY4OC0zNDM2M2JjN2M0YzAiOnsiY3JlYXRlIjo2MDAwMDAwMDAwMDAsImRlbGV0ZSI6OTAwMDAwMDAwMDAwfSwic2NoZW1hX3ZlcnNpb24iOiIxIn0="
        }
      ]
    }
  ],
  "check_results": null
}
